// !$*UTF8*$!
{
	archiveVersion = 1;
	classes = {
	};
	objectVersion = 46;
	objects = {

/* Begin PBXBuildFile section */
		34C02E9E1B4AF7D800716487 /* AppDelegate.swift in Sources */ = {isa = PBXBuildFile; fileRef = 34C02E9D1B4AF7D800716487 /* AppDelegate.swift */; };
		34C02EA01B4AF7D800716487 /* ViewController.swift in Sources */ = {isa = PBXBuildFile; fileRef = 34C02E9F1B4AF7D800716487 /* ViewController.swift */; };
		34C02EA31B4AF7D800716487 /* Main.storyboard in Resources */ = {isa = PBXBuildFile; fileRef = 34C02EA11B4AF7D800716487 /* Main.storyboard */; };
		34C02EA51B4AF7D800716487 /* Images.xcassets in Resources */ = {isa = PBXBuildFile; fileRef = 34C02EA41B4AF7D800716487 /* Images.xcassets */; };
		34C02EA81B4AF7D800716487 /* LaunchScreen.xib in Resources */ = {isa = PBXBuildFile; fileRef = 34C02EA61B4AF7D800716487 /* LaunchScreen.xib */; };
		34C02EB41B4AF7D900716487 /* Whats_the_weatherTests.swift in Sources */ = {isa = PBXBuildFile; fileRef = 34C02EB31B4AF7D900716487 /* Whats_the_weatherTests.swift */; };
		34C02EBE1B4AF7EF00716487 /* WallFon.com_13193.jpg in Resources */ = {isa = PBXBuildFile; fileRef = 34C02EBD1B4AF7EF00716487 /* WallFon.com_13193.jpg */; };
/* End PBXBuildFile section */

/* Begin PBXContainerItemProxy section */
		34C02EAE1B4AF7D900716487 /* PBXContainerItemProxy */ = {
			isa = PBXContainerItemProxy;
			containerPortal = 34C02E901B4AF7D800716487 /* Project object */;
			proxyType = 1;
			remoteGlobalIDString = 34C02E971B4AF7D800716487;
			remoteInfo = "Whats the weather";
		};
/* End PBXContainerItemProxy section */

/* Begin PBXFileReference section */
		34C02E981B4AF7D800716487 /* Whats the weather.app */ = {isa = PBXFileReference; explicitFileType = wrapper.application; includeInIndex = 0; path = "Whats the weather.app"; sourceTree = BUILT_PRODUCTS_DIR; };
		34C02E9C1B4AF7D800716487 /* Info.plist */ = {isa = PBXFileReference; lastKnownFileType = text.plist.xml; path = Info.plist; sourceTree = "<group>"; };
		34C02E9D1B4AF7D800716487 /* AppDelegate.swift */ = {isa = PBXFileReference; lastKnownFileType = sourcecode.swift; path = AppDelegate.swift; sourceTree = "<group>"; };
		34C02E9F1B4AF7D800716487 /* ViewController.swift */ = {isa = PBXFileReference; lastKnownFileType = sourcecode.swift; path = ViewController.swift; sourceTree = "<group>"; };
		34C02EA21B4AF7D800716487 /* Base */ = {isa = PBXFileReference; lastKnownFileType = file.storyboard; name = Base; path = Base.lproj/Main.storyboard; sourceTree = "<group>"; };
		34C02EA41B4AF7D800716487 /* Images.xcassets */ = {isa = PBXFileReference; lastKnownFileType = folder.assetcatalog; path = Images.xcassets; sourceTree = "<group>"; };
		34C02EA71B4AF7D800716487 /* Base */ = {isa = PBXFileReference; lastKnownFileType = file.xib; name = Base; path = Base.lproj/LaunchScreen.xib; sourceTree = "<group>"; };
		34C02EAD1B4AF7D900716487 /* Whats the weatherTests.xctest */ = {isa = PBXFileReference; explicitFileType = wrapper.cfbundle; includeInIndex = 0; path = "Whats the weatherTests.xctest"; sourceTree = BUILT_PRODUCTS_DIR; };
		34C02EB21B4AF7D900716487 /* Info.plist */ = {isa = PBXFileReference; lastKnownFileType = text.plist.xml; path = Info.plist; sourceTree = "<group>"; };
		34C02EB31B4AF7D900716487 /* Whats_the_weatherTests.swift */ = {isa = PBXFileReference; lastKnownFileType = sourcecode.swift; path = Whats_the_weatherTests.swift; sourceTree = "<group>"; };
		34C02EBD1B4AF7EF00716487 /* WallFon.com_13193.jpg */ = {isa = PBXFileReference; lastKnownFileType = image.jpeg; path = WallFon.com_13193.jpg; sourceTree = "<group>"; };
/* End PBXFileReference section */

/* Begin PBXFrameworksBuildPhase section */
		34C02E951B4AF7D800716487 /* Frameworks */ = {
			isa = PBXFrameworksBuildPhase;
			buildActionMask = 2147483647;
			files = (
			);
			runOnlyForDeploymentPostprocessing = 0;
		};
		34C02EAA1B4AF7D900716487 /* Frameworks */ = {
			isa = PBXFrameworksBuildPhase;
			buildActionMask = 2147483647;
			files = (
			);
			runOnlyForDeploymentPostprocessing = 0;
		};
/* End PBXFrameworksBuildPhase section */

/* Begin PBXGroup section */
		34C02E8F1B4AF7D800716487 = {
			isa = PBXGroup;
			children = (
				34C02E9A1B4AF7D800716487 /* Whats the weather */,
				34C02EB01B4AF7D900716487 /* Whats the weatherTests */,
				34C02E991B4AF7D800716487 /* Products */,
			);
			sourceTree = "<group>";
		};
		34C02E991B4AF7D800716487 /* Products */ = {
			isa = PBXGroup;
			children = (
				34C02E981B4AF7D800716487 /* Whats the weather.app */,
				34C02EAD1B4AF7D900716487 /* Whats the weatherTests.xctest */,
			);
			name = Products;
			sourceTree = "<group>";
		};
		34C02E9A1B4AF7D800716487 /* Whats the weather */ = {
			isa = PBXGroup;
			children = (
				34C02E9D1B4AF7D800716487 /* AppDelegate.swift */,
				34C02EBD1B4AF7EF00716487 /* WallFon.com_13193.jpg */,
				34C02E9F1B4AF7D800716487 /* ViewController.swift */,
				34C02EA11B4AF7D800716487 /* Main.storyboard */,
				34C02EA41B4AF7D800716487 /* Images.xcassets */,
				34C02EA61B4AF7D800716487 /* LaunchScreen.xib */,
				34C02E9B1B4AF7D800716487 /* Supporting Files */,
			);
			path = "Whats the weather";
			sourceTree = "<group>";
		};
		34C02E9B1B4AF7D800716487 /* Supporting Files */ = {
			isa = PBXGroup;
			children = (
				34C02E9C1B4AF7D800716487 /* Info.plist */,
			);
			name = "Supporting Files";
			sourceTree = "<group>";
		};
		34C02EB01B4AF7D900716487 /* Whats the weatherTests */ = {
			isa = PBXGroup;
			children = (
				34C02EB31B4AF7D900716487 /* Whats_the_weatherTests.swift */,
				34C02EB11B4AF7D900716487 /* Supporting Files */,
			);
			path = "Whats the weatherTests";
			sourceTree = "<group>";
		};
		34C02EB11B4AF7D900716487 /* Supporting Files */ = {
			isa = PBXGroup;
			children = (
				34C02EB21B4AF7D900716487 /* Info.plist */,
			);
			name = "Supporting Files";
			sourceTree = "<group>";
		};
/* End PBXGroup section */

/* Begin PBXNativeTarget section */
		34C02E971B4AF7D800716487 /* Whats the weather */ = {
			isa = PBXNativeTarget;
			buildConfigurationList = 34C02EB71B4AF7D900716487 /* Build configuration list for PBXNativeTarget "Whats the weather" */;
			buildPhases = (
				34C02E941B4AF7D800716487 /* Sources */,
				34C02E951B4AF7D800716487 /* Frameworks */,
				34C02E961B4AF7D800716487 /* Resources */,
			);
			buildRules = (
			);
			dependencies = (
			);
			name = "Whats the weather";
			productName = "Whats the weather";
			productReference = 34C02E981B4AF7D800716487 /* Whats the weather.app */;
			productType = "com.apple.product-type.application";
		};
		34C02EAC1B4AF7D900716487 /* Whats the weatherTests */ = {
			isa = PBXNativeTarget;
			buildConfigurationList = 34C02EBA1B4AF7D900716487 /* Build configuration list for PBXNativeTarget "Whats the weatherTests" */;
			buildPhases = (
				34C02EA91B4AF7D900716487 /* Sources */,
				34C02EAA1B4AF7D900716487 /* Frameworks */,
				34C02EAB1B4AF7D900716487 /* Resources */,
			);
			buildRules = (
			);
			dependencies = (
				34C02EAF1B4AF7D900716487 /* PBXTargetDependency */,
			);
			name = "Whats the weatherTests";
			productName = "Whats the weatherTests";
			productReference = 34C02EAD1B4AF7D900716487 /* Whats the weatherTests.xctest */;
			productType = "com.apple.product-type.bundle.unit-test";
		};
/* End PBXNativeTarget section */

/* Begin PBXProject section */
		34C02E901B4AF7D800716487 /* Project object */ = {
			isa = PBXProject;
			attributes = {
				LastUpgradeCheck = 0610;
				ORGANIZATIONNAME = robertskwiat;
				TargetAttributes = {
					34C02E971B4AF7D800716487 = {
						CreatedOnToolsVersion = 6.1;
					};
					34C02EAC1B4AF7D900716487 = {
						CreatedOnToolsVersion = 6.1;
						TestTargetID = 34C02E971B4AF7D800716487;
					};
				};
			};
			buildConfigurationList = 34C02E931B4AF7D800716487 /* Build configuration list for PBXProject "Whats the weather" */;
			compatibilityVersion = "Xcode 3.2";
			developmentRegion = English;
			hasScannedForEncodings = 0;
			knownRegions = (
				en,
				Base,
			);
			mainGroup = 34C02E8F1B4AF7D800716487;
			productRefGroup = 34C02E991B4AF7D800716487 /* Products */;
			projectDirPath = "";
			projectRoot = "";
			targets = (
				34C02E971B4AF7D800716487 /* Whats the weather */,
				34C02EAC1B4AF7D900716487 /* Whats the weatherTests */,
			);
		};
/* End PBXProject section */

/* Begin PBXResourcesBuildPhase section */
		34C02E961B4AF7D800716487 /* Resources */ = {
			isa = PBXResourcesBuildPhase;
			buildActionMask = 2147483647;
			files = (
				34C02EBE1B4AF7EF00716487 /* WallFon.com_13193.jpg in Resources */,
				34C02EA31B4AF7D800716487 /* Main.storyboard in Resources */,
				34C02EA81B4AF7D800716487 /* LaunchScreen.xib in Resources */,
				34C02EA51B4AF7D800716487 /* Images.xcassets in Resources */,
			);
			runOnlyForDeploymentPostprocessing = 0;
		};
		34C02EAB1B4AF7D900716487 /* Resources */ = {
			isa = PBXResourcesBuildPhase;
			buildActionMask = 2147483647;
			files = (
			);
			runOnlyForDeploymentPostprocessing = 0;
		};
/* End PBXResourcesBuildPhase section */

/* Begin PBXSourcesBuildPhase section */
		34C02E941B4AF7D800716487 /* Sources */ = {
			isa = PBXSourcesBuildPhase;
			buildActionMask = 2147483647;
			files = (
				34C02EA01B4AF7D800716487 /* ViewController.swift in Sources */,
				34C02E9E1B4AF7D800716487 /* AppDelegate.swift in Sources */,
			);
			runOnlyForDeploymentPostprocessing = 0;
		};
		34C02EA91B4AF7D900716487 /* Sources */ = {
			isa = PBXSourcesBuildPhase;
			buildActionMask = 2147483647;
			files = (
				34C02EB41B4AF7D900716487 /* Whats_the_weatherTests.swift in Sources */,
			);
			runOnlyForDeploymentPostprocessing = 0;
		};
/* End PBXSourcesBuildPhase section */

/* Begin PBXTargetDependency section */
		34C02EAF1B4AF7D900716487 /* PBXTargetDependency */ = {
			isa = PBXTargetDependency;
			target = 34C02E971B4AF7D800716487 /* Whats the weather */;
			targetProxy = 34C02EAE1B4AF7D900716487 /* PBXContainerItemProxy */;
		};
/* End PBXTargetDependency section */

/* Begin PBXVariantGroup section */
		34C02EA11B4AF7D800716487 /* Main.storyboard */ = {
			isa = PBXVariantGroup;
			children = (
				34C02EA21B4AF7D800716487 /* Base */,
			);
			name = Main.storyboard;
			sourceTree = "<group>";
		};
		34C02EA61B4AF7D800716487 /* LaunchScreen.xib */ = {
			isa = PBXVariantGroup;
			children = (
				34C02EA71B4AF7D800716487 /* Base */,
			);
			name = LaunchScreen.xib;
			sourceTree = "<group>";
		};
/* End PBXVariantGroup section */

/* Begin XCBuildConfiguration section */
		34C02EB51B4AF7D900716487 /* Debug */ = {
			isa = XCBuildConfiguration;
			buildSettings = {
				ALWAYS_SEARCH_USER_PATHS = NO;
				CLANG_CXX_LANGUAGE_STANDARD = "gnu++0x";
				CLANG_CXX_LIBRARY = "libc++";
				CLANG_ENABLE_MODULES = YES;
				CLANG_ENABLE_OBJC_ARC = YES;
				CLANG_WARN_BOOL_CONVERSION = YES;
				CLANG_WARN_CONSTANT_CONVERSION = YES;
				CLANG_WARN_DIRECT_OBJC_ISA_USAGE = YES_ERROR;
				CLANG_WARN_EMPTY_BODY = YES;
				CLANG_WARN_ENUM_CONVERSION = YES;
				CLANG_WARN_INT_CONVERSION = YES;
				CLANG_WARN_OBJC_ROOT_CLASS = YES_ERROR;
				CLANG_WARN_UNREACHABLE_CODE = YES;
				CLANG_WARN__DUPLICATE_METHOD_MATCH = YES;
				"CODE_SIGN_IDENTITY[sdk=iphoneos*]" = "iPhone Developer";
				COPY_PHASE_STRIP = NO;
				ENABLE_STRICT_OBJC_MSGSEND = YES;
				GCC_C_LANGUAGE_STANDARD = gnu99;
				GCC_DYNAMIC_NO_PIC = NO;
				GCC_OPTIMIZATION_LEVEL = 0;
				GCC_PREPROCESSOR_DEFINITIONS = (
					"DEBUG=1",
					"$(inherited)",
				);
				GCC_SYMBOLS_PRIVATE_EXTERN = NO;
				GCC_WARN_64_TO_32_BIT_CONVERSION = YES;
				GCC_WARN_ABOUT_RETURN_TYPE = YES_ERROR;
				GCC_WARN_UNDECLARED_SELECTOR = YES;
				GCC_WARN_UNINITIALIZED_AUTOS = YES_AGGRESSIVE;
				GCC_WARN_UNUSED_FUNCTION = YES;
				GCC_WARN_UNUSED_VARIABLE = YES;
				IPHONEOS_DEPLOYMENT_TARGET = 8.1;
				MTL_ENABLE_DEBUG_INFO = YES;
				ONLY_ACTIVE_ARCH = YES;
				SDKROOT = iphoneos;
				SWIFT_OPTIMIZATION_LEVEL = "-Onone";
			};
			name = Debug;
		};
		34C02EB61B4AF7D900716487 /* Release */ = {
			isa = XCBuildConfiguration;
			buildSettings = {
				ALWAYS_SEARCH_USER_PATHS = NO;
				CLANG_CXX_LANGUAGE_STANDARD = "gnu++0x";
				CLANG_CXX_LIBRARY = "libc++";
				CLANG_ENABLE_MODULES = YES;
				CLANG_ENABLE_OBJC_ARC = YES;
				CLANG_WARN_BOOL_CONVERSION = YES;
				CLANG_WARN_CONSTANT_CONVERSION = YES;
				CLANG_WARN_DIRECT_OBJC_ISA_USAGE = YES_ERROR;
				CLANG_WARN_EMPTY_BODY = YES;
				CLANG_WARN_ENUM_CONVERSION = YES;
				CLANG_WARN_INT_CONVERSION = YES;
				CLANG_WARN_OBJC_ROOT_CLASS = YES_ERROR;
				CLANG_WARN_UNREACHABLE_CODE = YES;
				CLANG_WARN__DUPLICATE_METHOD_MATCH = YES;
				"CODE_SIGN_IDENTITY[sdk=iphoneos*]" = "iPhone Developer";
				COPY_PHASE_STRIP = YES;
				ENABLE_NS_ASSERTIONS = NO;
				ENABLE_STRICT_OBJC_MSGSEND = YES;
				GCC_C_LANGUAGE_STANDARD = gnu99;
				GCC_WARN_64_TO_32_BIT_CONVERSION = YES;
				GCC_WARN_ABOUT_RETURN_TYPE = YES_ERROR;
				GCC_WARN_UNDECLARED_SELECTOR = YES;
				GCC_WARN_UNINITIALIZED_AUTOS = YES_AGGRESSIVE;
				GCC_WARN_UNUSED_FUNCTION = YES;
				GCC_WARN_UNUSED_VARIABLE = YES;
				IPHONEOS_DEPLOYMENT_TARGET = 8.1;
				MTL_ENABLE_DEBUG_INFO = NO;
				SDKROOT = iphoneos;
				VALIDATE_PRODUCT = YES;
			};
			name = Release;
		};
		34C02EB81B4AF7D900716487 /* Debug */ = {
			isa = XCBuildConfiguration;
			buildSettings = {
				ASSETCATALOG_COMPILER_APPICON_NAME = AppIcon;
				INFOPLIST_FILE = "Whats the weather/Info.plist";
				LD_RUNPATH_SEARCH_PATHS = "$(inherited) @executable_path/Frameworks";
				PRODUCT_NAME = "$(TARGET_NAME)";
			};
			name = Debug;
		};
		34C02EB91B4AF7D900716487 /* Release */ = {
			isa = XCBuildConfiguration;
			buildSettings = {
				ASSETCATALOG_COMPILER_APPICON_NAME = AppIcon;
				INFOPLIST_FILE = "Whats the weather/Info.plist";
				LD_RUNPATH_SEARCH_PATHS = "$(inherited) @executable_path/Frameworks";
				PRODUCT_NAME = "$(TARGET_NAME)";
			};
			name = Release;
		};
		34C02EBB1B4AF7D900716487 /* Debug */ = {
			isa = XCBuildConfiguration;
			buildSettings = {
				BUNDLE_LOADER = "$(TEST_HOST)";
				FRAMEWORK_SEARCH_PATHS = (
					"$(SDKROOT)/Developer/Library/Frameworks",
					"$(inherited)",
				);
				GCC_PREPROCESSOR_DEFINITIONS = (
					"DEBUG=1",
					"$(inherited)",
				);
				INFOPLIST_FILE = "Whats the weatherTests/Info.plist";
				LD_RUNPATH_SEARCH_PATHS = "$(inherited) @executable_path/Frameworks @loader_path/Frameworks";
				PRODUCT_NAME = "$(TARGET_NAME)";
				TEST_HOST = "$(BUILT_PRODUCTS_DIR)/Whats the weather.app/Whats the weather";
			};
			name = Debug;
		};
		34C02EBC1B4AF7D900716487 /* Release */ = {
			isa = XCBuildConfiguration;
			buildSettings = {
				BUNDLE_LOADER = "$(TEST_HOST)";
				FRAMEWORK_SEARCH_PATHS = (
					"$(SDKROOT)/Developer/Library/Frameworks",
					"$(inherited)",
				);
				INFOPLIST_FILE = "Whats the weatherTests/Info.plist";
				LD_RUNPATH_SEARCH_PATHS = "$(inherited) @executable_path/Frameworks @loader_path/Frameworks";
				PRODUCT_NAME = "$(TARGET_NAME)";
				TEST_HOST = "$(BUILT_PRODUCTS_DIR)/Whats the weather.app/Whats the weather";
			};
			name = Release;
		};
/* End XCBuildConfiguration section */

/* Begin XCConfigurationList section */
		34C02E931B4AF7D800716487 /* Build configuration list for PBXProject "Whats the weather" */ = {
			isa = XCConfigurationList;
			buildConfigurations = (
				34C02EB51B4AF7D900716487 /* Debug */,
				34C02EB61B4AF7D900716487 /* Release */,
			);
			defaultConfigurationIsVisible = 0;
			defaultConfigurationName = Release;
		};
		34C02EB71B4AF7D900716487 /* Build configuration list for PBXNativeTarget "Whats the weather" */ = {
			isa = XCConfigurationList;
			buildConfigurations = (
				34C02EB81B4AF7D900716487 /* Debug */,
				34C02EB91B4AF7D900716487 /* Release */,
			);
			defaultConfigurationIsVisible = 0;
		};
		34C02EBA1B4AF7D900716487 /* Build configuration list for PBXNativeTarget "Whats the weatherTests" */ = {
			isa = XCConfigurationList;
			buildConfigurations = (
				34C02EBB1B4AF7D900716487 /* Debug */,
				34C02EBC1B4AF7D900716487 /* Release */,
			);
			defaultConfigurationIsVisible = 0;
		};
/* End XCConfigurationList section */
	};
	rootObject = 34C02E901B4AF7D800716487 /* Project object */;
}
