// !$*UTF8*$!
{
	archiveVersion = 1;
	classes = {
	};
	objectVersion = 46;
	objects = {

/* Begin PBXBuildFile section */
		343A756D1B5014A500347575 /* AppDelegate.swift in Sources */ = {isa = PBXBuildFile; fileRef = 343A756C1B5014A500347575 /* AppDelegate.swift */; };
		343A756F1B5014A500347575 /* ViewController.swift in Sources */ = {isa = PBXBuildFile; fileRef = 343A756E1B5014A500347575 /* ViewController.swift */; };
		343A75721B5014A500347575 /* Main.storyboard in Resources */ = {isa = PBXBuildFile; fileRef = 343A75701B5014A500347575 /* Main.storyboard */; };
		343A75741B5014A500347575 /* Images.xcassets in Resources */ = {isa = PBXBuildFile; fileRef = 343A75731B5014A500347575 /* Images.xcassets */; };
		343A75771B5014A500347575 /* LaunchScreen.xib in Resources */ = {isa = PBXBuildFile; fileRef = 343A75751B5014A500347575 /* LaunchScreen.xib */; };
		343A75831B5014A500347575 /* ShakeAndSwipeTests.swift in Sources */ = {isa = PBXBuildFile; fileRef = 343A75821B5014A500347575 /* ShakeAndSwipeTests.swift */; };
/* End PBXBuildFile section */

/* Begin PBXContainerItemProxy section */
		343A757D1B5014A500347575 /* PBXContainerItemProxy */ = {
			isa = PBXContainerItemProxy;
			containerPortal = 343A755F1B5014A500347575 /* Project object */;
			proxyType = 1;
			remoteGlobalIDString = 343A75661B5014A500347575;
			remoteInfo = ShakeAndSwipe;
		};
/* End PBXContainerItemProxy section */

/* Begin PBXFileReference section */
		343A75671B5014A500347575 /* ShakeAndSwipe.app */ = {isa = PBXFileReference; explicitFileType = wrapper.application; includeInIndex = 0; path = ShakeAndSwipe.app; sourceTree = BUILT_PRODUCTS_DIR; };
		343A756B1B5014A500347575 /* Info.plist */ = {isa = PBXFileReference; lastKnownFileType = text.plist.xml; path = Info.plist; sourceTree = "<group>"; };
		343A756C1B5014A500347575 /* AppDelegate.swift */ = {isa = PBXFileReference; lastKnownFileType = sourcecode.swift; path = AppDelegate.swift; sourceTree = "<group>"; };
		343A756E1B5014A500347575 /* ViewController.swift */ = {isa = PBXFileReference; lastKnownFileType = sourcecode.swift; path = ViewController.swift; sourceTree = "<group>"; };
		343A75711B5014A500347575 /* Base */ = {isa = PBXFileReference; lastKnownFileType = file.storyboard; name = Base; path = Base.lproj/Main.storyboard; sourceTree = "<group>"; };
		343A75731B5014A500347575 /* Images.xcassets */ = {isa = PBXFileReference; lastKnownFileType = folder.assetcatalog; path = Images.xcassets; sourceTree = "<group>"; };
		343A75761B5014A500347575 /* Base */ = {isa = PBXFileReference; lastKnownFileType = file.xib; name = Base; path = Base.lproj/LaunchScreen.xib; sourceTree = "<group>"; };
		343A757C1B5014A500347575 /* ShakeAndSwipeTests.xctest */ = {isa = PBXFileReference; explicitFileType = wrapper.cfbundle; includeInIndex = 0; path = ShakeAndSwipeTests.xctest; sourceTree = BUILT_PRODUCTS_DIR; };
		343A75811B5014A500347575 /* Info.plist */ = {isa = PBXFileReference; lastKnownFileType = text.plist.xml; path = Info.plist; sourceTree = "<group>"; };
		343A75821B5014A500347575 /* ShakeAndSwipeTests.swift */ = {isa = PBXFileReference; lastKnownFileType = sourcecode.swift; path = ShakeAndSwipeTests.swift; sourceTree = "<group>"; };
/* End PBXFileReference section */

/* Begin PBXFrameworksBuildPhase section */
		343A75641B5014A500347575 /* Frameworks */ = {
			isa = PBXFrameworksBuildPhase;
			buildActionMask = 2147483647;
			files = (
			);
			runOnlyForDeploymentPostprocessing = 0;
		};
		343A75791B5014A500347575 /* Frameworks */ = {
			isa = PBXFrameworksBuildPhase;
			buildActionMask = 2147483647;
			files = (
			);
			runOnlyForDeploymentPostprocessing = 0;
		};
/* End PBXFrameworksBuildPhase section */

/* Begin PBXGroup section */
		343A755E1B5014A500347575 = {
			isa = PBXGroup;
			children = (
				343A75691B5014A500347575 /* ShakeAndSwipe */,
				343A757F1B5014A500347575 /* ShakeAndSwipeTests */,
				343A75681B5014A500347575 /* Products */,
			);
			sourceTree = "<group>";
		};
		343A75681B5014A500347575 /* Products */ = {
			isa = PBXGroup;
			children = (
				343A75671B5014A500347575 /* ShakeAndSwipe.app */,
				343A757C1B5014A500347575 /* ShakeAndSwipeTests.xctest */,
			);
			name = Products;
			sourceTree = "<group>";
		};
		343A75691B5014A500347575 /* ShakeAndSwipe */ = {
			isa = PBXGroup;
			children = (
				343A756C1B5014A500347575 /* AppDelegate.swift */,
				343A756E1B5014A500347575 /* ViewController.swift */,
				343A75701B5014A500347575 /* Main.storyboard */,
				343A75731B5014A500347575 /* Images.xcassets */,
				343A75751B5014A500347575 /* LaunchScreen.xib */,
				343A756A1B5014A500347575 /* Supporting Files */,
			);
			path = ShakeAndSwipe;
			sourceTree = "<group>";
		};
		343A756A1B5014A500347575 /* Supporting Files */ = {
			isa = PBXGroup;
			children = (
				343A756B1B5014A500347575 /* Info.plist */,
			);
			name = "Supporting Files";
			sourceTree = "<group>";
		};
		343A757F1B5014A500347575 /* ShakeAndSwipeTests */ = {
			isa = PBXGroup;
			children = (
				343A75821B5014A500347575 /* ShakeAndSwipeTests.swift */,
				343A75801B5014A500347575 /* Supporting Files */,
			);
			path = ShakeAndSwipeTests;
			sourceTree = "<group>";
		};
		343A75801B5014A500347575 /* Supporting Files */ = {
			isa = PBXGroup;
			children = (
				343A75811B5014A500347575 /* Info.plist */,
			);
			name = "Supporting Files";
			sourceTree = "<group>";
		};
/* End PBXGroup section */

/* Begin PBXNativeTarget section */
		343A75661B5014A500347575 /* ShakeAndSwipe */ = {
			isa = PBXNativeTarget;
			buildConfigurationList = 343A75861B5014A500347575 /* Build configuration list for PBXNativeTarget "ShakeAndSwipe" */;
			buildPhases = (
				343A75631B5014A500347575 /* Sources */,
				343A75641B5014A500347575 /* Frameworks */,
				343A75651B5014A500347575 /* Resources */,
			);
			buildRules = (
			);
			dependencies = (
			);
			name = ShakeAndSwipe;
			productName = ShakeAndSwipe;
			productReference = 343A75671B5014A500347575 /* ShakeAndSwipe.app */;
			productType = "com.apple.product-type.application";
		};
		343A757B1B5014A500347575 /* ShakeAndSwipeTests */ = {
			isa = PBXNativeTarget;
			buildConfigurationList = 343A75891B5014A500347575 /* Build configuration list for PBXNativeTarget "ShakeAndSwipeTests" */;
			buildPhases = (
				343A75781B5014A500347575 /* Sources */,
				343A75791B5014A500347575 /* Frameworks */,
				343A757A1B5014A500347575 /* Resources */,
			);
			buildRules = (
			);
			dependencies = (
				343A757E1B5014A500347575 /* PBXTargetDependency */,
			);
			name = ShakeAndSwipeTests;
			productName = ShakeAndSwipeTests;
			productReference = 343A757C1B5014A500347575 /* ShakeAndSwipeTests.xctest */;
			productType = "com.apple.product-type.bundle.unit-test";
		};
/* End PBXNativeTarget section */

/* Begin PBXProject section */
		343A755F1B5014A500347575 /* Project object */ = {
			isa = PBXProject;
			attributes = {
				LastUpgradeCheck = 0610;
				ORGANIZATIONNAME = robertskwiat;
				TargetAttributes = {
					343A75661B5014A500347575 = {
						CreatedOnToolsVersion = 6.1;
					};
					343A757B1B5014A500347575 = {
						CreatedOnToolsVersion = 6.1;
						TestTargetID = 343A75661B5014A500347575;
					};
				};
			};
			buildConfigurationList = 343A75621B5014A500347575 /* Build configuration list for PBXProject "ShakeAndSwipe" */;
			compatibilityVersion = "Xcode 3.2";
			developmentRegion = English;
			hasScannedForEncodings = 0;
			knownRegions = (
				en,
				Base,
			);
			mainGroup = 343A755E1B5014A500347575;
			productRefGroup = 343A75681B5014A500347575 /* Products */;
			projectDirPath = "";
			projectRoot = "";
			targets = (
				343A75661B5014A500347575 /* ShakeAndSwipe */,
				343A757B1B5014A500347575 /* ShakeAndSwipeTests */,
			);
		};
/* End PBXProject section */

/* Begin PBXResourcesBuildPhase section */
		343A75651B5014A500347575 /* Resources */ = {
			isa = PBXResourcesBuildPhase;
			buildActionMask = 2147483647;
			files = (
				343A75721B5014A500347575 /* Main.storyboard in Resources */,
				343A75771B5014A500347575 /* LaunchScreen.xib in Resources */,
				343A75741B5014A500347575 /* Images.xcassets in Resources */,
			);
			runOnlyForDeploymentPostprocessing = 0;
		};
		343A757A1B5014A500347575 /* Resources */ = {
			isa = PBXResourcesBuildPhase;
			buildActionMask = 2147483647;
			files = (
			);
			runOnlyForDeploymentPostprocessing = 0;
		};
/* End PBXResourcesBuildPhase section */

/* Begin PBXSourcesBuildPhase section */
		343A75631B5014A500347575 /* Sources */ = {
			isa = PBXSourcesBuildPhase;
			buildActionMask = 2147483647;
			files = (
				343A756F1B5014A500347575 /* ViewController.swift in Sources */,
				343A756D1B5014A500347575 /* AppDelegate.swift in Sources */,
			);
			runOnlyForDeploymentPostprocessing = 0;
		};
		343A75781B5014A500347575 /* Sources */ = {
			isa = PBXSourcesBuildPhase;
			buildActionMask = 2147483647;
			files = (
				343A75831B5014A500347575 /* ShakeAndSwipeTests.swift in Sources */,
			);
			runOnlyForDeploymentPostprocessing = 0;
		};
/* End PBXSourcesBuildPhase section */

/* Begin PBXTargetDependency section */
		343A757E1B5014A500347575 /* PBXTargetDependency */ = {
			isa = PBXTargetDependency;
			target = 343A75661B5014A500347575 /* ShakeAndSwipe */;
			targetProxy = 343A757D1B5014A500347575 /* PBXContainerItemProxy */;
		};
/* End PBXTargetDependency section */

/* Begin PBXVariantGroup section */
		343A75701B5014A500347575 /* Main.storyboard */ = {
			isa = PBXVariantGroup;
			children = (
				343A75711B5014A500347575 /* Base */,
			);
			name = Main.storyboard;
			sourceTree = "<group>";
		};
		343A75751B5014A500347575 /* LaunchScreen.xib */ = {
			isa = PBXVariantGroup;
			children = (
				343A75761B5014A500347575 /* Base */,
			);
			name = LaunchScreen.xib;
			sourceTree = "<group>";
		};
/* End PBXVariantGroup section */

/* Begin XCBuildConfiguration section */
		343A75841B5014A500347575 /* Debug */ = {
			isa = XCBuildConfiguration;
			buildSettings = {
				ALWAYS_SEARCH_USER_PATHS = NO;
				CLANG_CXX_LANGUAGE_STANDARD = "gnu++0x";
				CLANG_CXX_LIBRARY = "libc++";
				CLANG_ENABLE_MODULES = YES;
				CLANG_ENABLE_OBJC_ARC = YES;
				CLANG_WARN_BOOL_CONVERSION = YES;
				CLANG_WARN_CONSTANT_CONVERSION = YES;
				CLANG_WARN_DIRECT_OBJC_ISA_USAGE = YES_ERROR;
				CLANG_WARN_EMPTY_BODY = YES;
				CLANG_WARN_ENUM_CONVERSION = YES;
				CLANG_WARN_INT_CONVERSION = YES;
				CLANG_WARN_OBJC_ROOT_CLASS = YES_ERROR;
				CLANG_WARN_UNREACHABLE_CODE = YES;
				CLANG_WARN__DUPLICATE_METHOD_MATCH = YES;
				"CODE_SIGN_IDENTITY[sdk=iphoneos*]" = "iPhone Developer";
				COPY_PHASE_STRIP = NO;
				ENABLE_STRICT_OBJC_MSGSEND = YES;
				GCC_C_LANGUAGE_STANDARD = gnu99;
				GCC_DYNAMIC_NO_PIC = NO;
				GCC_OPTIMIZATION_LEVEL = 0;
				GCC_PREPROCESSOR_DEFINITIONS = (
					"DEBUG=1",
					"$(inherited)",
				);
				GCC_SYMBOLS_PRIVATE_EXTERN = NO;
				GCC_WARN_64_TO_32_BIT_CONVERSION = YES;
				GCC_WARN_ABOUT_RETURN_TYPE = YES_ERROR;
				GCC_WARN_UNDECLARED_SELECTOR = YES;
				GCC_WARN_UNINITIALIZED_AUTOS = YES_AGGRESSIVE;
				GCC_WARN_UNUSED_FUNCTION = YES;
				GCC_WARN_UNUSED_VARIABLE = YES;
				IPHONEOS_DEPLOYMENT_TARGET = 8.1;
				MTL_ENABLE_DEBUG_INFO = YES;
				ONLY_ACTIVE_ARCH = YES;
				SDKROOT = iphoneos;
				SWIFT_OPTIMIZATION_LEVEL = "-Onone";
			};
			name = Debug;
		};
		343A75851B5014A500347575 /* Release */ = {
			isa = XCBuildConfiguration;
			buildSettings = {
				ALWAYS_SEARCH_USER_PATHS = NO;
				CLANG_CXX_LANGUAGE_STANDARD = "gnu++0x";
				CLANG_CXX_LIBRARY = "libc++";
				CLANG_ENABLE_MODULES = YES;
				CLANG_ENABLE_OBJC_ARC = YES;
				CLANG_WARN_BOOL_CONVERSION = YES;
				CLANG_WARN_CONSTANT_CONVERSION = YES;
				CLANG_WARN_DIRECT_OBJC_ISA_USAGE = YES_ERROR;
				CLANG_WARN_EMPTY_BODY = YES;
				CLANG_WARN_ENUM_CONVERSION = YES;
				CLANG_WARN_INT_CONVERSION = YES;
				CLANG_WARN_OBJC_ROOT_CLASS = YES_ERROR;
				CLANG_WARN_UNREACHABLE_CODE = YES;
				CLANG_WARN__DUPLICATE_METHOD_MATCH = YES;
				"CODE_SIGN_IDENTITY[sdk=iphoneos*]" = "iPhone Developer";
				COPY_PHASE_STRIP = YES;
				ENABLE_NS_ASSERTIONS = NO;
				ENABLE_STRICT_OBJC_MSGSEND = YES;
				GCC_C_LANGUAGE_STANDARD = gnu99;
				GCC_WARN_64_TO_32_BIT_CONVERSION = YES;
				GCC_WARN_ABOUT_RETURN_TYPE = YES_ERROR;
				GCC_WARN_UNDECLARED_SELECTOR = YES;
				GCC_WARN_UNINITIALIZED_AUTOS = YES_AGGRESSIVE;
				GCC_WARN_UNUSED_FUNCTION = YES;
				GCC_WARN_UNUSED_VARIABLE = YES;
				IPHONEOS_DEPLOYMENT_TARGET = 8.1;
				MTL_ENABLE_DEBUG_INFO = NO;
				SDKROOT = iphoneos;
				VALIDATE_PRODUCT = YES;
			};
			name = Release;
		};
		343A75871B5014A500347575 /* Debug */ = {
			isa = XCBuildConfiguration;
			buildSettings = {
				ASSETCATALOG_COMPILER_APPICON_NAME = AppIcon;
				INFOPLIST_FILE = ShakeAndSwipe/Info.plist;
				LD_RUNPATH_SEARCH_PATHS = "$(inherited) @executable_path/Frameworks";
				PRODUCT_NAME = "$(TARGET_NAME)";
			};
			name = Debug;
		};
		343A75881B5014A500347575 /* Release */ = {
			isa = XCBuildConfiguration;
			buildSettings = {
				ASSETCATALOG_COMPILER_APPICON_NAME = AppIcon;
				INFOPLIST_FILE = ShakeAndSwipe/Info.plist;
				LD_RUNPATH_SEARCH_PATHS = "$(inherited) @executable_path/Frameworks";
				PRODUCT_NAME = "$(TARGET_NAME)";
			};
			name = Release;
		};
		343A758A1B5014A500347575 /* Debug */ = {
			isa = XCBuildConfiguration;
			buildSettings = {
				BUNDLE_LOADER = "$(TEST_HOST)";
				FRAMEWORK_SEARCH_PATHS = (
					"$(SDKROOT)/Developer/Library/Frameworks",
					"$(inherited)",
				);
				GCC_PREPROCESSOR_DEFINITIONS = (
					"DEBUG=1",
					"$(inherited)",
				);
				INFOPLIST_FILE = ShakeAndSwipeTests/Info.plist;
				LD_RUNPATH_SEARCH_PATHS = "$(inherited) @executable_path/Frameworks @loader_path/Frameworks";
				PRODUCT_NAME = "$(TARGET_NAME)";
				TEST_HOST = "$(BUILT_PRODUCTS_DIR)/ShakeAndSwipe.app/ShakeAndSwipe";
			};
			name = Debug;
		};
		343A758B1B5014A500347575 /* Release */ = {
			isa = XCBuildConfiguration;
			buildSettings = {
				BUNDLE_LOADER = "$(TEST_HOST)";
				FRAMEWORK_SEARCH_PATHS = (
					"$(SDKROOT)/Developer/Library/Frameworks",
					"$(inherited)",
				);
				INFOPLIST_FILE = ShakeAndSwipeTests/Info.plist;
				LD_RUNPATH_SEARCH_PATHS = "$(inherited) @executable_path/Frameworks @loader_path/Frameworks";
				PRODUCT_NAME = "$(TARGET_NAME)";
				TEST_HOST = "$(BUILT_PRODUCTS_DIR)/ShakeAndSwipe.app/ShakeAndSwipe";
			};
			name = Release;
		};
/* End XCBuildConfiguration section */

/* Begin XCConfigurationList section */
		343A75621B5014A500347575 /* Build configuration list for PBXProject "ShakeAndSwipe" */ = {
			isa = XCConfigurationList;
			buildConfigurations = (
				343A75841B5014A500347575 /* Debug */,
				343A75851B5014A500347575 /* Release */,
			);
			defaultConfigurationIsVisible = 0;
			defaultConfigurationName = Release;
		};
		343A75861B5014A500347575 /* Build configuration list for PBXNativeTarget "ShakeAndSwipe" */ = {
			isa = XCConfigurationList;
			buildConfigurations = (
				343A75871B5014A500347575 /* Debug */,
				343A75881B5014A500347575 /* Release */,
			);
			defaultConfigurationIsVisible = 0;
		};
		343A75891B5014A500347575 /* Build configuration list for PBXNativeTarget "ShakeAndSwipeTests" */ = {
			isa = XCConfigurationList;
			buildConfigurations = (
				343A758A1B5014A500347575 /* Debug */,
				343A758B1B5014A500347575 /* Release */,
			);
			defaultConfigurationIsVisible = 0;
		};
/* End XCConfigurationList section */
	};
	rootObject = 343A755F1B5014A500347575 /* Project object */;
}
