// !$*UTF8*$!
{
	archiveVersion = 1;
	classes = {
	};
	objectVersion = 46;
	objects = {

/* Begin PBXBuildFile section */
		34E1BEAB1B608F0700539572 /* AppDelegate.swift in Sources */ = {isa = PBXBuildFile; fileRef = 34E1BEAA1B608F0700539572 /* AppDelegate.swift */; };
		34E1BEAE1B608F0700539572 /* blog_reader.xcdatamodeld in Sources */ = {isa = PBXBuildFile; fileRef = 34E1BEAC1B608F0700539572 /* blog_reader.xcdatamodeld */; };
		34E1BEB01B608F0700539572 /* MasterViewController.swift in Sources */ = {isa = PBXBuildFile; fileRef = 34E1BEAF1B608F0700539572 /* MasterViewController.swift */; };
		34E1BEB21B608F0700539572 /* DetailViewController.swift in Sources */ = {isa = PBXBuildFile; fileRef = 34E1BEB11B608F0700539572 /* DetailViewController.swift */; };
		34E1BEB51B608F0700539572 /* Main.storyboard in Resources */ = {isa = PBXBuildFile; fileRef = 34E1BEB31B608F0700539572 /* Main.storyboard */; };
		34E1BEB71B608F0700539572 /* Images.xcassets in Resources */ = {isa = PBXBuildFile; fileRef = 34E1BEB61B608F0700539572 /* Images.xcassets */; };
		34E1BEBA1B608F0700539572 /* LaunchScreen.xib in Resources */ = {isa = PBXBuildFile; fileRef = 34E1BEB81B608F0700539572 /* LaunchScreen.xib */; };
		34E1BEC61B608F0700539572 /* blog_readerTests.swift in Sources */ = {isa = PBXBuildFile; fileRef = 34E1BEC51B608F0700539572 /* blog_readerTests.swift */; };
/* End PBXBuildFile section */

/* Begin PBXContainerItemProxy section */
		34E1BEC01B608F0700539572 /* PBXContainerItemProxy */ = {
			isa = PBXContainerItemProxy;
			containerPortal = 34E1BE9D1B608F0700539572 /* Project object */;
			proxyType = 1;
			remoteGlobalIDString = 34E1BEA41B608F0700539572;
			remoteInfo = "blog-reader";
		};
/* End PBXContainerItemProxy section */

/* Begin PBXFileReference section */
		34E1BEA51B608F0700539572 /* blog-reader.app */ = {isa = PBXFileReference; explicitFileType = wrapper.application; includeInIndex = 0; path = "blog-reader.app"; sourceTree = BUILT_PRODUCTS_DIR; };
		34E1BEA91B608F0700539572 /* Info.plist */ = {isa = PBXFileReference; lastKnownFileType = text.plist.xml; path = Info.plist; sourceTree = "<group>"; };
		34E1BEAA1B608F0700539572 /* AppDelegate.swift */ = {isa = PBXFileReference; lastKnownFileType = sourcecode.swift; path = AppDelegate.swift; sourceTree = "<group>"; };
		34E1BEAD1B608F0700539572 /* blog_reader.xcdatamodel */ = {isa = PBXFileReference; lastKnownFileType = wrapper.xcdatamodel; path = blog_reader.xcdatamodel; sourceTree = "<group>"; };
		34E1BEAF1B608F0700539572 /* MasterViewController.swift */ = {isa = PBXFileReference; lastKnownFileType = sourcecode.swift; path = MasterViewController.swift; sourceTree = "<group>"; };
		34E1BEB11B608F0700539572 /* DetailViewController.swift */ = {isa = PBXFileReference; lastKnownFileType = sourcecode.swift; path = DetailViewController.swift; sourceTree = "<group>"; };
		34E1BEB41B608F0700539572 /* Base */ = {isa = PBXFileReference; lastKnownFileType = file.storyboard; name = Base; path = Base.lproj/Main.storyboard; sourceTree = "<group>"; };
		34E1BEB61B608F0700539572 /* Images.xcassets */ = {isa = PBXFileReference; lastKnownFileType = folder.assetcatalog; path = Images.xcassets; sourceTree = "<group>"; };
		34E1BEB91B608F0700539572 /* Base */ = {isa = PBXFileReference; lastKnownFileType = file.xib; name = Base; path = Base.lproj/LaunchScreen.xib; sourceTree = "<group>"; };
		34E1BEBF1B608F0700539572 /* blog-readerTests.xctest */ = {isa = PBXFileReference; explicitFileType = wrapper.cfbundle; includeInIndex = 0; path = "blog-readerTests.xctest"; sourceTree = BUILT_PRODUCTS_DIR; };
		34E1BEC41B608F0700539572 /* Info.plist */ = {isa = PBXFileReference; lastKnownFileType = text.plist.xml; path = Info.plist; sourceTree = "<group>"; };
		34E1BEC51B608F0700539572 /* blog_readerTests.swift */ = {isa = PBXFileReference; lastKnownFileType = sourcecode.swift; path = blog_readerTests.swift; sourceTree = "<group>"; };
/* End PBXFileReference section */

/* Begin PBXFrameworksBuildPhase section */
		34E1BEA21B608F0700539572 /* Frameworks */ = {
			isa = PBXFrameworksBuildPhase;
			buildActionMask = 2147483647;
			files = (
			);
			runOnlyForDeploymentPostprocessing = 0;
		};
		34E1BEBC1B608F0700539572 /* Frameworks */ = {
			isa = PBXFrameworksBuildPhase;
			buildActionMask = 2147483647;
			files = (
			);
			runOnlyForDeploymentPostprocessing = 0;
		};
/* End PBXFrameworksBuildPhase section */

/* Begin PBXGroup section */
		34E1BE9C1B608F0700539572 = {
			isa = PBXGroup;
			children = (
				34E1BEA71B608F0700539572 /* blog-reader */,
				34E1BEC21B608F0700539572 /* blog-readerTests */,
				34E1BEA61B608F0700539572 /* Products */,
			);
			sourceTree = "<group>";
		};
		34E1BEA61B608F0700539572 /* Products */ = {
			isa = PBXGroup;
			children = (
				34E1BEA51B608F0700539572 /* blog-reader.app */,
				34E1BEBF1B608F0700539572 /* blog-readerTests.xctest */,
			);
			name = Products;
			sourceTree = "<group>";
		};
		34E1BEA71B608F0700539572 /* blog-reader */ = {
			isa = PBXGroup;
			children = (
				34E1BEAA1B608F0700539572 /* AppDelegate.swift */,
				34E1BEAF1B608F0700539572 /* MasterViewController.swift */,
				34E1BEB11B608F0700539572 /* DetailViewController.swift */,
				34E1BEB31B608F0700539572 /* Main.storyboard */,
				34E1BEB61B608F0700539572 /* Images.xcassets */,
				34E1BEB81B608F0700539572 /* LaunchScreen.xib */,
				34E1BEAC1B608F0700539572 /* blog_reader.xcdatamodeld */,
				34E1BEA81B608F0700539572 /* Supporting Files */,
			);
			path = "blog-reader";
			sourceTree = "<group>";
		};
		34E1BEA81B608F0700539572 /* Supporting Files */ = {
			isa = PBXGroup;
			children = (
				34E1BEA91B608F0700539572 /* Info.plist */,
			);
			name = "Supporting Files";
			sourceTree = "<group>";
		};
		34E1BEC21B608F0700539572 /* blog-readerTests */ = {
			isa = PBXGroup;
			children = (
				34E1BEC51B608F0700539572 /* blog_readerTests.swift */,
				34E1BEC31B608F0700539572 /* Supporting Files */,
			);
			path = "blog-readerTests";
			sourceTree = "<group>";
		};
		34E1BEC31B608F0700539572 /* Supporting Files */ = {
			isa = PBXGroup;
			children = (
				34E1BEC41B608F0700539572 /* Info.plist */,
			);
			name = "Supporting Files";
			sourceTree = "<group>";
		};
/* End PBXGroup section */

/* Begin PBXNativeTarget section */
		34E1BEA41B608F0700539572 /* blog-reader */ = {
			isa = PBXNativeTarget;
			buildConfigurationList = 34E1BEC91B608F0700539572 /* Build configuration list for PBXNativeTarget "blog-reader" */;
			buildPhases = (
				34E1BEA11B608F0700539572 /* Sources */,
				34E1BEA21B608F0700539572 /* Frameworks */,
				34E1BEA31B608F0700539572 /* Resources */,
			);
			buildRules = (
			);
			dependencies = (
			);
			name = "blog-reader";
			productName = "blog-reader";
			productReference = 34E1BEA51B608F0700539572 /* blog-reader.app */;
			productType = "com.apple.product-type.application";
		};
		34E1BEBE1B608F0700539572 /* blog-readerTests */ = {
			isa = PBXNativeTarget;
			buildConfigurationList = 34E1BECC1B608F0700539572 /* Build configuration list for PBXNativeTarget "blog-readerTests" */;
			buildPhases = (
				34E1BEBB1B608F0700539572 /* Sources */,
				34E1BEBC1B608F0700539572 /* Frameworks */,
				34E1BEBD1B608F0700539572 /* Resources */,
			);
			buildRules = (
			);
			dependencies = (
				34E1BEC11B608F0700539572 /* PBXTargetDependency */,
			);
			name = "blog-readerTests";
			productName = "blog-readerTests";
			productReference = 34E1BEBF1B608F0700539572 /* blog-readerTests.xctest */;
			productType = "com.apple.product-type.bundle.unit-test";
		};
/* End PBXNativeTarget section */

/* Begin PBXProject section */
		34E1BE9D1B608F0700539572 /* Project object */ = {
			isa = PBXProject;
			attributes = {
				LastUpgradeCheck = 0630;
				ORGANIZATIONNAME = "Robert Skwiat";
				TargetAttributes = {
					34E1BEA41B608F0700539572 = {
						CreatedOnToolsVersion = 6.3;
					};
					34E1BEBE1B608F0700539572 = {
						CreatedOnToolsVersion = 6.3;
						TestTargetID = 34E1BEA41B608F0700539572;
					};
				};
			};
			buildConfigurationList = 34E1BEA01B608F0700539572 /* Build configuration list for PBXProject "blog-reader" */;
			compatibilityVersion = "Xcode 3.2";
			developmentRegion = English;
			hasScannedForEncodings = 0;
			knownRegions = (
				en,
				Base,
			);
			mainGroup = 34E1BE9C1B608F0700539572;
			productRefGroup = 34E1BEA61B608F0700539572 /* Products */;
			projectDirPath = "";
			projectRoot = "";
			targets = (
				34E1BEA41B608F0700539572 /* blog-reader */,
				34E1BEBE1B608F0700539572 /* blog-readerTests */,
			);
		};
/* End PBXProject section */

/* Begin PBXResourcesBuildPhase section */
		34E1BEA31B608F0700539572 /* Resources */ = {
			isa = PBXResourcesBuildPhase;
			buildActionMask = 2147483647;
			files = (
				34E1BEB51B608F0700539572 /* Main.storyboard in Resources */,
				34E1BEBA1B608F0700539572 /* LaunchScreen.xib in Resources */,
				34E1BEB71B608F0700539572 /* Images.xcassets in Resources */,
			);
			runOnlyForDeploymentPostprocessing = 0;
		};
		34E1BEBD1B608F0700539572 /* Resources */ = {
			isa = PBXResourcesBuildPhase;
			buildActionMask = 2147483647;
			files = (
			);
			runOnlyForDeploymentPostprocessing = 0;
		};
/* End PBXResourcesBuildPhase section */

/* Begin PBXSourcesBuildPhase section */
		34E1BEA11B608F0700539572 /* Sources */ = {
			isa = PBXSourcesBuildPhase;
			buildActionMask = 2147483647;
			files = (
				34E1BEAE1B608F0700539572 /* blog_reader.xcdatamodeld in Sources */,
				34E1BEAB1B608F0700539572 /* AppDelegate.swift in Sources */,
				34E1BEB01B608F0700539572 /* MasterViewController.swift in Sources */,
				34E1BEB21B608F0700539572 /* DetailViewController.swift in Sources */,
			);
			runOnlyForDeploymentPostprocessing = 0;
		};
		34E1BEBB1B608F0700539572 /* Sources */ = {
			isa = PBXSourcesBuildPhase;
			buildActionMask = 2147483647;
			files = (
				34E1BEC61B608F0700539572 /* blog_readerTests.swift in Sources */,
			);
			runOnlyForDeploymentPostprocessing = 0;
		};
/* End PBXSourcesBuildPhase section */

/* Begin PBXTargetDependency section */
		34E1BEC11B608F0700539572 /* PBXTargetDependency */ = {
			isa = PBXTargetDependency;
			target = 34E1BEA41B608F0700539572 /* blog-reader */;
			targetProxy = 34E1BEC01B608F0700539572 /* PBXContainerItemProxy */;
		};
/* End PBXTargetDependency section */

/* Begin PBXVariantGroup section */
		34E1BEB31B608F0700539572 /* Main.storyboard */ = {
			isa = PBXVariantGroup;
			children = (
				34E1BEB41B608F0700539572 /* Base */,
			);
			name = Main.storyboard;
			sourceTree = "<group>";
		};
		34E1BEB81B608F0700539572 /* LaunchScreen.xib */ = {
			isa = PBXVariantGroup;
			children = (
				34E1BEB91B608F0700539572 /* Base */,
			);
			name = LaunchScreen.xib;
			sourceTree = "<group>";
		};
/* End PBXVariantGroup section */

/* Begin XCBuildConfiguration section */
		34E1BEC71B608F0700539572 /* Debug */ = {
			isa = XCBuildConfiguration;
			buildSettings = {
				ALWAYS_SEARCH_USER_PATHS = NO;
				CLANG_CXX_LANGUAGE_STANDARD = "gnu++0x";
				CLANG_CXX_LIBRARY = "libc++";
				CLANG_ENABLE_MODULES = YES;
				CLANG_ENABLE_OBJC_ARC = YES;
				CLANG_WARN_BOOL_CONVERSION = YES;
				CLANG_WARN_CONSTANT_CONVERSION = YES;
				CLANG_WARN_DIRECT_OBJC_ISA_USAGE = YES_ERROR;
				CLANG_WARN_EMPTY_BODY = YES;
				CLANG_WARN_ENUM_CONVERSION = YES;
				CLANG_WARN_INT_CONVERSION = YES;
				CLANG_WARN_OBJC_ROOT_CLASS = YES_ERROR;
				CLANG_WARN_UNREACHABLE_CODE = YES;
				CLANG_WARN__DUPLICATE_METHOD_MATCH = YES;
				"CODE_SIGN_IDENTITY[sdk=iphoneos*]" = "iPhone Developer";
				COPY_PHASE_STRIP = NO;
				DEBUG_INFORMATION_FORMAT = "dwarf-with-dsym";
				ENABLE_STRICT_OBJC_MSGSEND = YES;
				GCC_C_LANGUAGE_STANDARD = gnu99;
				GCC_DYNAMIC_NO_PIC = NO;
				GCC_NO_COMMON_BLOCKS = YES;
				GCC_OPTIMIZATION_LEVEL = 0;
				GCC_PREPROCESSOR_DEFINITIONS = (
					"DEBUG=1",
					"$(inherited)",
				);
				GCC_SYMBOLS_PRIVATE_EXTERN = NO;
				GCC_WARN_64_TO_32_BIT_CONVERSION = YES;
				GCC_WARN_ABOUT_RETURN_TYPE = YES_ERROR;
				GCC_WARN_UNDECLARED_SELECTOR = YES;
				GCC_WARN_UNINITIALIZED_AUTOS = YES_AGGRESSIVE;
				GCC_WARN_UNUSED_FUNCTION = YES;
				GCC_WARN_UNUSED_VARIABLE = YES;
				IPHONEOS_DEPLOYMENT_TARGET = 8.3;
				MTL_ENABLE_DEBUG_INFO = YES;
				ONLY_ACTIVE_ARCH = YES;
				SDKROOT = iphoneos;
				SWIFT_OPTIMIZATION_LEVEL = "-Onone";
			};
			name = Debug;
		};
		34E1BEC81B608F0700539572 /* Release */ = {
			isa = XCBuildConfiguration;
			buildSettings = {
				ALWAYS_SEARCH_USER_PATHS = NO;
				CLANG_CXX_LANGUAGE_STANDARD = "gnu++0x";
				CLANG_CXX_LIBRARY = "libc++";
				CLANG_ENABLE_MODULES = YES;
				CLANG_ENABLE_OBJC_ARC = YES;
				CLANG_WARN_BOOL_CONVERSION = YES;
				CLANG_WARN_CONSTANT_CONVERSION = YES;
				CLANG_WARN_DIRECT_OBJC_ISA_USAGE = YES_ERROR;
				CLANG_WARN_EMPTY_BODY = YES;
				CLANG_WARN_ENUM_CONVERSION = YES;
				CLANG_WARN_INT_CONVERSION = YES;
				CLANG_WARN_OBJC_ROOT_CLASS = YES_ERROR;
				CLANG_WARN_UNREACHABLE_CODE = YES;
				CLANG_WARN__DUPLICATE_METHOD_MATCH = YES;
				"CODE_SIGN_IDENTITY[sdk=iphoneos*]" = "iPhone Developer";
				COPY_PHASE_STRIP = NO;
				DEBUG_INFORMATION_FORMAT = "dwarf-with-dsym";
				ENABLE_NS_ASSERTIONS = NO;
				ENABLE_STRICT_OBJC_MSGSEND = YES;
				GCC_C_LANGUAGE_STANDARD = gnu99;
				GCC_NO_COMMON_BLOCKS = YES;
				GCC_WARN_64_TO_32_BIT_CONVERSION = YES;
				GCC_WARN_ABOUT_RETURN_TYPE = YES_ERROR;
				GCC_WARN_UNDECLARED_SELECTOR = YES;
				GCC_WARN_UNINITIALIZED_AUTOS = YES_AGGRESSIVE;
				GCC_WARN_UNUSED_FUNCTION = YES;
				GCC_WARN_UNUSED_VARIABLE = YES;
				IPHONEOS_DEPLOYMENT_TARGET = 8.3;
				MTL_ENABLE_DEBUG_INFO = NO;
				SDKROOT = iphoneos;
				VALIDATE_PRODUCT = YES;
			};
			name = Release;
		};
		34E1BECA1B608F0700539572 /* Debug */ = {
			isa = XCBuildConfiguration;
			buildSettings = {
				ASSETCATALOG_COMPILER_APPICON_NAME = AppIcon;
				INFOPLIST_FILE = "blog-reader/Info.plist";
				LD_RUNPATH_SEARCH_PATHS = "$(inherited) @executable_path/Frameworks";
				PRODUCT_NAME = "$(TARGET_NAME)";
			};
			name = Debug;
		};
		34E1BECB1B608F0700539572 /* Release */ = {
			isa = XCBuildConfiguration;
			buildSettings = {
				ASSETCATALOG_COMPILER_APPICON_NAME = AppIcon;
				INFOPLIST_FILE = "blog-reader/Info.plist";
				LD_RUNPATH_SEARCH_PATHS = "$(inherited) @executable_path/Frameworks";
				PRODUCT_NAME = "$(TARGET_NAME)";
			};
			name = Release;
		};
		34E1BECD1B608F0700539572 /* Debug */ = {
			isa = XCBuildConfiguration;
			buildSettings = {
				BUNDLE_LOADER = "$(TEST_HOST)";
				FRAMEWORK_SEARCH_PATHS = (
					"$(SDKROOT)/Developer/Library/Frameworks",
					"$(inherited)",
				);
				GCC_PREPROCESSOR_DEFINITIONS = (
					"DEBUG=1",
					"$(inherited)",
				);
				INFOPLIST_FILE = "blog-readerTests/Info.plist";
				LD_RUNPATH_SEARCH_PATHS = "$(inherited) @executable_path/Frameworks @loader_path/Frameworks";
				PRODUCT_NAME = "$(TARGET_NAME)";
				TEST_HOST = "$(BUILT_PRODUCTS_DIR)/blog-reader.app/blog-reader";
			};
			name = Debug;
		};
		34E1BECE1B608F0700539572 /* Release */ = {
			isa = XCBuildConfiguration;
			buildSettings = {
				BUNDLE_LOADER = "$(TEST_HOST)";
				FRAMEWORK_SEARCH_PATHS = (
					"$(SDKROOT)/Developer/Library/Frameworks",
					"$(inherited)",
				);
				INFOPLIST_FILE = "blog-readerTests/Info.plist";
				LD_RUNPATH_SEARCH_PATHS = "$(inherited) @executable_path/Frameworks @loader_path/Frameworks";
				PRODUCT_NAME = "$(TARGET_NAME)";
				TEST_HOST = "$(BUILT_PRODUCTS_DIR)/blog-reader.app/blog-reader";
			};
			name = Release;
		};
/* End XCBuildConfiguration section */

/* Begin XCConfigurationList section */
		34E1BEA01B608F0700539572 /* Build configuration list for PBXProject "blog-reader" */ = {
			isa = XCConfigurationList;
			buildConfigurations = (
				34E1BEC71B608F0700539572 /* Debug */,
				34E1BEC81B608F0700539572 /* Release */,
			);
			defaultConfigurationIsVisible = 0;
			defaultConfigurationName = Release;
		};
		34E1BEC91B608F0700539572 /* Build configuration list for PBXNativeTarget "blog-reader" */ = {
			isa = XCConfigurationList;
			buildConfigurations = (
				34E1BECA1B608F0700539572 /* Debug */,
				34E1BECB1B608F0700539572 /* Release */,
			);
			defaultConfigurationIsVisible = 0;
		};
		34E1BECC1B608F0700539572 /* Build configuration list for PBXNativeTarget "blog-readerTests" */ = {
			isa = XCConfigurationList;
			buildConfigurations = (
				34E1BECD1B608F0700539572 /* Debug */,
				34E1BECE1B608F0700539572 /* Release */,
			);
			defaultConfigurationIsVisible = 0;
		};
/* End XCConfigurationList section */

/* Begin XCVersionGroup section */
		34E1BEAC1B608F0700539572 /* blog_reader.xcdatamodeld */ = {
			isa = XCVersionGroup;
			children = (
				34E1BEAD1B608F0700539572 /* blog_reader.xcdatamodel */,
			);
			currentVersion = 34E1BEAD1B608F0700539572 /* blog_reader.xcdatamodel */;
			path = blog_reader.xcdatamodeld;
			sourceTree = "<group>";
			versionGroupType = wrapper.xcdatamodel;
		};
/* End XCVersionGroup section */
	};
	rootObject = 34E1BE9D1B608F0700539572 /* Project object */;
}
