// !$*UTF8*$!
{
	archiveVersion = 1;
	classes = {
	};
	objectVersion = 46;
	objects = {

/* Begin PBXBuildFile section */
		34F456551B4D7969003EE1BB /* AppDelegate.swift in Sources */ = {isa = PBXBuildFile; fileRef = 34F456541B4D7969003EE1BB /* AppDelegate.swift */; };
		34F456571B4D7969003EE1BB /* ViewController.swift in Sources */ = {isa = PBXBuildFile; fileRef = 34F456561B4D7969003EE1BB /* ViewController.swift */; };
		34F4565A1B4D7969003EE1BB /* Main.storyboard in Resources */ = {isa = PBXBuildFile; fileRef = 34F456581B4D7969003EE1BB /* Main.storyboard */; };
		34F4565C1B4D7969003EE1BB /* Images.xcassets in Resources */ = {isa = PBXBuildFile; fileRef = 34F4565B1B4D7969003EE1BB /* Images.xcassets */; };
		34F4565F1B4D7969003EE1BB /* LaunchScreen.xib in Resources */ = {isa = PBXBuildFile; fileRef = 34F4565D1B4D7969003EE1BB /* LaunchScreen.xib */; };
		34F4566B1B4D7969003EE1BB /* Memorable_PlacesTests.swift in Sources */ = {isa = PBXBuildFile; fileRef = 34F4566A1B4D7969003EE1BB /* Memorable_PlacesTests.swift */; };
		34F456751B4D7B1B003EE1BB /* TableViewController.swift in Sources */ = {isa = PBXBuildFile; fileRef = 34F456741B4D7B1B003EE1BB /* TableViewController.swift */; };
		34F456771B4D7BEF003EE1BB /* CoreLocation.framework in Frameworks */ = {isa = PBXBuildFile; fileRef = 34F456761B4D7BEF003EE1BB /* CoreLocation.framework */; };
/* End PBXBuildFile section */

/* Begin PBXContainerItemProxy section */
		34F456651B4D7969003EE1BB /* PBXContainerItemProxy */ = {
			isa = PBXContainerItemProxy;
			containerPortal = 34F456471B4D7969003EE1BB /* Project object */;
			proxyType = 1;
			remoteGlobalIDString = 34F4564E1B4D7969003EE1BB;
			remoteInfo = "Memorable Places";
		};
/* End PBXContainerItemProxy section */

/* Begin PBXFileReference section */
		34F4564F1B4D7969003EE1BB /* Memorable Places.app */ = {isa = PBXFileReference; explicitFileType = wrapper.application; includeInIndex = 0; path = "Memorable Places.app"; sourceTree = BUILT_PRODUCTS_DIR; };
		34F456531B4D7969003EE1BB /* Info.plist */ = {isa = PBXFileReference; lastKnownFileType = text.plist.xml; path = Info.plist; sourceTree = "<group>"; };
		34F456541B4D7969003EE1BB /* AppDelegate.swift */ = {isa = PBXFileReference; lastKnownFileType = sourcecode.swift; path = AppDelegate.swift; sourceTree = "<group>"; };
		34F456561B4D7969003EE1BB /* ViewController.swift */ = {isa = PBXFileReference; lastKnownFileType = sourcecode.swift; path = ViewController.swift; sourceTree = "<group>"; };
		34F456591B4D7969003EE1BB /* Base */ = {isa = PBXFileReference; lastKnownFileType = file.storyboard; name = Base; path = Base.lproj/Main.storyboard; sourceTree = "<group>"; };
		34F4565B1B4D7969003EE1BB /* Images.xcassets */ = {isa = PBXFileReference; lastKnownFileType = folder.assetcatalog; path = Images.xcassets; sourceTree = "<group>"; };
		34F4565E1B4D7969003EE1BB /* Base */ = {isa = PBXFileReference; lastKnownFileType = file.xib; name = Base; path = Base.lproj/LaunchScreen.xib; sourceTree = "<group>"; };
		34F456641B4D7969003EE1BB /* Memorable PlacesTests.xctest */ = {isa = PBXFileReference; explicitFileType = wrapper.cfbundle; includeInIndex = 0; path = "Memorable PlacesTests.xctest"; sourceTree = BUILT_PRODUCTS_DIR; };
		34F456691B4D7969003EE1BB /* Info.plist */ = {isa = PBXFileReference; lastKnownFileType = text.plist.xml; path = Info.plist; sourceTree = "<group>"; };
		34F4566A1B4D7969003EE1BB /* Memorable_PlacesTests.swift */ = {isa = PBXFileReference; lastKnownFileType = sourcecode.swift; path = Memorable_PlacesTests.swift; sourceTree = "<group>"; };
		34F456741B4D7B1B003EE1BB /* TableViewController.swift */ = {isa = PBXFileReference; fileEncoding = 4; lastKnownFileType = sourcecode.swift; path = TableViewController.swift; sourceTree = "<group>"; };
		34F456761B4D7BEF003EE1BB /* CoreLocation.framework */ = {isa = PBXFileReference; lastKnownFileType = wrapper.framework; name = CoreLocation.framework; path = System/Library/Frameworks/CoreLocation.framework; sourceTree = SDKROOT; };
/* End PBXFileReference section */

/* Begin PBXFrameworksBuildPhase section */
		34F4564C1B4D7969003EE1BB /* Frameworks */ = {
			isa = PBXFrameworksBuildPhase;
			buildActionMask = 2147483647;
			files = (
				34F456771B4D7BEF003EE1BB /* CoreLocation.framework in Frameworks */,
			);
			runOnlyForDeploymentPostprocessing = 0;
		};
		34F456611B4D7969003EE1BB /* Frameworks */ = {
			isa = PBXFrameworksBuildPhase;
			buildActionMask = 2147483647;
			files = (
			);
			runOnlyForDeploymentPostprocessing = 0;
		};
/* End PBXFrameworksBuildPhase section */

/* Begin PBXGroup section */
		34F456461B4D7969003EE1BB = {
			isa = PBXGroup;
			children = (
				34F456761B4D7BEF003EE1BB /* CoreLocation.framework */,
				34F456511B4D7969003EE1BB /* Memorable Places */,
				34F456671B4D7969003EE1BB /* Memorable PlacesTests */,
				34F456501B4D7969003EE1BB /* Products */,
			);
			sourceTree = "<group>";
		};
		34F456501B4D7969003EE1BB /* Products */ = {
			isa = PBXGroup;
			children = (
				34F4564F1B4D7969003EE1BB /* Memorable Places.app */,
				34F456641B4D7969003EE1BB /* Memorable PlacesTests.xctest */,
			);
			name = Products;
			sourceTree = "<group>";
		};
		34F456511B4D7969003EE1BB /* Memorable Places */ = {
			isa = PBXGroup;
			children = (
				34F456541B4D7969003EE1BB /* AppDelegate.swift */,
				34F456561B4D7969003EE1BB /* ViewController.swift */,
				34F456741B4D7B1B003EE1BB /* TableViewController.swift */,
				34F456581B4D7969003EE1BB /* Main.storyboard */,
				34F4565B1B4D7969003EE1BB /* Images.xcassets */,
				34F4565D1B4D7969003EE1BB /* LaunchScreen.xib */,
				34F456521B4D7969003EE1BB /* Supporting Files */,
			);
			path = "Memorable Places";
			sourceTree = "<group>";
		};
		34F456521B4D7969003EE1BB /* Supporting Files */ = {
			isa = PBXGroup;
			children = (
				34F456531B4D7969003EE1BB /* Info.plist */,
			);
			name = "Supporting Files";
			sourceTree = "<group>";
		};
		34F456671B4D7969003EE1BB /* Memorable PlacesTests */ = {
			isa = PBXGroup;
			children = (
				34F4566A1B4D7969003EE1BB /* Memorable_PlacesTests.swift */,
				34F456681B4D7969003EE1BB /* Supporting Files */,
			);
			path = "Memorable PlacesTests";
			sourceTree = "<group>";
		};
		34F456681B4D7969003EE1BB /* Supporting Files */ = {
			isa = PBXGroup;
			children = (
				34F456691B4D7969003EE1BB /* Info.plist */,
			);
			name = "Supporting Files";
			sourceTree = "<group>";
		};
/* End PBXGroup section */

/* Begin PBXNativeTarget section */
		34F4564E1B4D7969003EE1BB /* Memorable Places */ = {
			isa = PBXNativeTarget;
			buildConfigurationList = 34F4566E1B4D7969003EE1BB /* Build configuration list for PBXNativeTarget "Memorable Places" */;
			buildPhases = (
				34F4564B1B4D7969003EE1BB /* Sources */,
				34F4564C1B4D7969003EE1BB /* Frameworks */,
				34F4564D1B4D7969003EE1BB /* Resources */,
			);
			buildRules = (
			);
			dependencies = (
			);
			name = "Memorable Places";
			productName = "Memorable Places";
			productReference = 34F4564F1B4D7969003EE1BB /* Memorable Places.app */;
			productType = "com.apple.product-type.application";
		};
		34F456631B4D7969003EE1BB /* Memorable PlacesTests */ = {
			isa = PBXNativeTarget;
			buildConfigurationList = 34F456711B4D7969003EE1BB /* Build configuration list for PBXNativeTarget "Memorable PlacesTests" */;
			buildPhases = (
				34F456601B4D7969003EE1BB /* Sources */,
				34F456611B4D7969003EE1BB /* Frameworks */,
				34F456621B4D7969003EE1BB /* Resources */,
			);
			buildRules = (
			);
			dependencies = (
				34F456661B4D7969003EE1BB /* PBXTargetDependency */,
			);
			name = "Memorable PlacesTests";
			productName = "Memorable PlacesTests";
			productReference = 34F456641B4D7969003EE1BB /* Memorable PlacesTests.xctest */;
			productType = "com.apple.product-type.bundle.unit-test";
		};
/* End PBXNativeTarget section */

/* Begin PBXProject section */
		34F456471B4D7969003EE1BB /* Project object */ = {
			isa = PBXProject;
			attributes = {
				LastUpgradeCheck = 0610;
				ORGANIZATIONNAME = robertskwiat;
				TargetAttributes = {
					34F4564E1B4D7969003EE1BB = {
						CreatedOnToolsVersion = 6.1;
					};
					34F456631B4D7969003EE1BB = {
						CreatedOnToolsVersion = 6.1;
						TestTargetID = 34F4564E1B4D7969003EE1BB;
					};
				};
			};
			buildConfigurationList = 34F4564A1B4D7969003EE1BB /* Build configuration list for PBXProject "Memorable Places" */;
			compatibilityVersion = "Xcode 3.2";
			developmentRegion = English;
			hasScannedForEncodings = 0;
			knownRegions = (
				en,
				Base,
			);
			mainGroup = 34F456461B4D7969003EE1BB;
			productRefGroup = 34F456501B4D7969003EE1BB /* Products */;
			projectDirPath = "";
			projectRoot = "";
			targets = (
				34F4564E1B4D7969003EE1BB /* Memorable Places */,
				34F456631B4D7969003EE1BB /* Memorable PlacesTests */,
			);
		};
/* End PBXProject section */

/* Begin PBXResourcesBuildPhase section */
		34F4564D1B4D7969003EE1BB /* Resources */ = {
			isa = PBXResourcesBuildPhase;
			buildActionMask = 2147483647;
			files = (
				34F4565A1B4D7969003EE1BB /* Main.storyboard in Resources */,
				34F4565F1B4D7969003EE1BB /* LaunchScreen.xib in Resources */,
				34F4565C1B4D7969003EE1BB /* Images.xcassets in Resources */,
			);
			runOnlyForDeploymentPostprocessing = 0;
		};
		34F456621B4D7969003EE1BB /* Resources */ = {
			isa = PBXResourcesBuildPhase;
			buildActionMask = 2147483647;
			files = (
			);
			runOnlyForDeploymentPostprocessing = 0;
		};
/* End PBXResourcesBuildPhase section */

/* Begin PBXSourcesBuildPhase section */
		34F4564B1B4D7969003EE1BB /* Sources */ = {
			isa = PBXSourcesBuildPhase;
			buildActionMask = 2147483647;
			files = (
				34F456571B4D7969003EE1BB /* ViewController.swift in Sources */,
				34F456751B4D7B1B003EE1BB /* TableViewController.swift in Sources */,
				34F456551B4D7969003EE1BB /* AppDelegate.swift in Sources */,
			);
			runOnlyForDeploymentPostprocessing = 0;
		};
		34F456601B4D7969003EE1BB /* Sources */ = {
			isa = PBXSourcesBuildPhase;
			buildActionMask = 2147483647;
			files = (
				34F4566B1B4D7969003EE1BB /* Memorable_PlacesTests.swift in Sources */,
			);
			runOnlyForDeploymentPostprocessing = 0;
		};
/* End PBXSourcesBuildPhase section */

/* Begin PBXTargetDependency section */
		34F456661B4D7969003EE1BB /* PBXTargetDependency */ = {
			isa = PBXTargetDependency;
			target = 34F4564E1B4D7969003EE1BB /* Memorable Places */;
			targetProxy = 34F456651B4D7969003EE1BB /* PBXContainerItemProxy */;
		};
/* End PBXTargetDependency section */

/* Begin PBXVariantGroup section */
		34F456581B4D7969003EE1BB /* Main.storyboard */ = {
			isa = PBXVariantGroup;
			children = (
				34F456591B4D7969003EE1BB /* Base */,
			);
			name = Main.storyboard;
			sourceTree = "<group>";
		};
		34F4565D1B4D7969003EE1BB /* LaunchScreen.xib */ = {
			isa = PBXVariantGroup;
			children = (
				34F4565E1B4D7969003EE1BB /* Base */,
			);
			name = LaunchScreen.xib;
			sourceTree = "<group>";
		};
/* End PBXVariantGroup section */

/* Begin XCBuildConfiguration section */
		34F4566C1B4D7969003EE1BB /* Debug */ = {
			isa = XCBuildConfiguration;
			buildSettings = {
				ALWAYS_SEARCH_USER_PATHS = NO;
				CLANG_CXX_LANGUAGE_STANDARD = "gnu++0x";
				CLANG_CXX_LIBRARY = "libc++";
				CLANG_ENABLE_MODULES = YES;
				CLANG_ENABLE_OBJC_ARC = YES;
				CLANG_WARN_BOOL_CONVERSION = YES;
				CLANG_WARN_CONSTANT_CONVERSION = YES;
				CLANG_WARN_DIRECT_OBJC_ISA_USAGE = YES_ERROR;
				CLANG_WARN_EMPTY_BODY = YES;
				CLANG_WARN_ENUM_CONVERSION = YES;
				CLANG_WARN_INT_CONVERSION = YES;
				CLANG_WARN_OBJC_ROOT_CLASS = YES_ERROR;
				CLANG_WARN_UNREACHABLE_CODE = YES;
				CLANG_WARN__DUPLICATE_METHOD_MATCH = YES;
				"CODE_SIGN_IDENTITY[sdk=iphoneos*]" = "iPhone Developer";
				COPY_PHASE_STRIP = NO;
				ENABLE_STRICT_OBJC_MSGSEND = YES;
				GCC_C_LANGUAGE_STANDARD = gnu99;
				GCC_DYNAMIC_NO_PIC = NO;
				GCC_OPTIMIZATION_LEVEL = 0;
				GCC_PREPROCESSOR_DEFINITIONS = (
					"DEBUG=1",
					"$(inherited)",
				);
				GCC_SYMBOLS_PRIVATE_EXTERN = NO;
				GCC_WARN_64_TO_32_BIT_CONVERSION = YES;
				GCC_WARN_ABOUT_RETURN_TYPE = YES_ERROR;
				GCC_WARN_UNDECLARED_SELECTOR = YES;
				GCC_WARN_UNINITIALIZED_AUTOS = YES_AGGRESSIVE;
				GCC_WARN_UNUSED_FUNCTION = YES;
				GCC_WARN_UNUSED_VARIABLE = YES;
				IPHONEOS_DEPLOYMENT_TARGET = 8.1;
				MTL_ENABLE_DEBUG_INFO = YES;
				ONLY_ACTIVE_ARCH = YES;
				SDKROOT = iphoneos;
				SWIFT_OPTIMIZATION_LEVEL = "-Onone";
			};
			name = Debug;
		};
		34F4566D1B4D7969003EE1BB /* Release */ = {
			isa = XCBuildConfiguration;
			buildSettings = {
				ALWAYS_SEARCH_USER_PATHS = NO;
				CLANG_CXX_LANGUAGE_STANDARD = "gnu++0x";
				CLANG_CXX_LIBRARY = "libc++";
				CLANG_ENABLE_MODULES = YES;
				CLANG_ENABLE_OBJC_ARC = YES;
				CLANG_WARN_BOOL_CONVERSION = YES;
				CLANG_WARN_CONSTANT_CONVERSION = YES;
				CLANG_WARN_DIRECT_OBJC_ISA_USAGE = YES_ERROR;
				CLANG_WARN_EMPTY_BODY = YES;
				CLANG_WARN_ENUM_CONVERSION = YES;
				CLANG_WARN_INT_CONVERSION = YES;
				CLANG_WARN_OBJC_ROOT_CLASS = YES_ERROR;
				CLANG_WARN_UNREACHABLE_CODE = YES;
				CLANG_WARN__DUPLICATE_METHOD_MATCH = YES;
				"CODE_SIGN_IDENTITY[sdk=iphoneos*]" = "iPhone Developer";
				COPY_PHASE_STRIP = YES;
				ENABLE_NS_ASSERTIONS = NO;
				ENABLE_STRICT_OBJC_MSGSEND = YES;
				GCC_C_LANGUAGE_STANDARD = gnu99;
				GCC_WARN_64_TO_32_BIT_CONVERSION = YES;
				GCC_WARN_ABOUT_RETURN_TYPE = YES_ERROR;
				GCC_WARN_UNDECLARED_SELECTOR = YES;
				GCC_WARN_UNINITIALIZED_AUTOS = YES_AGGRESSIVE;
				GCC_WARN_UNUSED_FUNCTION = YES;
				GCC_WARN_UNUSED_VARIABLE = YES;
				IPHONEOS_DEPLOYMENT_TARGET = 8.1;
				MTL_ENABLE_DEBUG_INFO = NO;
				SDKROOT = iphoneos;
				VALIDATE_PRODUCT = YES;
			};
			name = Release;
		};
		34F4566F1B4D7969003EE1BB /* Debug */ = {
			isa = XCBuildConfiguration;
			buildSettings = {
				ASSETCATALOG_COMPILER_APPICON_NAME = AppIcon;
				INFOPLIST_FILE = "Memorable Places/Info.plist";
				LD_RUNPATH_SEARCH_PATHS = "$(inherited) @executable_path/Frameworks";
				PRODUCT_NAME = "$(TARGET_NAME)";
			};
			name = Debug;
		};
		34F456701B4D7969003EE1BB /* Release */ = {
			isa = XCBuildConfiguration;
			buildSettings = {
				ASSETCATALOG_COMPILER_APPICON_NAME = AppIcon;
				INFOPLIST_FILE = "Memorable Places/Info.plist";
				LD_RUNPATH_SEARCH_PATHS = "$(inherited) @executable_path/Frameworks";
				PRODUCT_NAME = "$(TARGET_NAME)";
			};
			name = Release;
		};
		34F456721B4D7969003EE1BB /* Debug */ = {
			isa = XCBuildConfiguration;
			buildSettings = {
				BUNDLE_LOADER = "$(TEST_HOST)";
				FRAMEWORK_SEARCH_PATHS = (
					"$(SDKROOT)/Developer/Library/Frameworks",
					"$(inherited)",
				);
				GCC_PREPROCESSOR_DEFINITIONS = (
					"DEBUG=1",
					"$(inherited)",
				);
				INFOPLIST_FILE = "Memorable PlacesTests/Info.plist";
				LD_RUNPATH_SEARCH_PATHS = "$(inherited) @executable_path/Frameworks @loader_path/Frameworks";
				PRODUCT_NAME = "$(TARGET_NAME)";
				TEST_HOST = "$(BUILT_PRODUCTS_DIR)/Memorable Places.app/Memorable Places";
			};
			name = Debug;
		};
		34F456731B4D7969003EE1BB /* Release */ = {
			isa = XCBuildConfiguration;
			buildSettings = {
				BUNDLE_LOADER = "$(TEST_HOST)";
				FRAMEWORK_SEARCH_PATHS = (
					"$(SDKROOT)/Developer/Library/Frameworks",
					"$(inherited)",
				);
				INFOPLIST_FILE = "Memorable PlacesTests/Info.plist";
				LD_RUNPATH_SEARCH_PATHS = "$(inherited) @executable_path/Frameworks @loader_path/Frameworks";
				PRODUCT_NAME = "$(TARGET_NAME)";
				TEST_HOST = "$(BUILT_PRODUCTS_DIR)/Memorable Places.app/Memorable Places";
			};
			name = Release;
		};
/* End XCBuildConfiguration section */

/* Begin XCConfigurationList section */
		34F4564A1B4D7969003EE1BB /* Build configuration list for PBXProject "Memorable Places" */ = {
			isa = XCConfigurationList;
			buildConfigurations = (
				34F4566C1B4D7969003EE1BB /* Debug */,
				34F4566D1B4D7969003EE1BB /* Release */,
			);
			defaultConfigurationIsVisible = 0;
			defaultConfigurationName = Release;
		};
		34F4566E1B4D7969003EE1BB /* Build configuration list for PBXNativeTarget "Memorable Places" */ = {
			isa = XCConfigurationList;
			buildConfigurations = (
				34F4566F1B4D7969003EE1BB /* Debug */,
				34F456701B4D7969003EE1BB /* Release */,
			);
			defaultConfigurationIsVisible = 0;
		};
		34F456711B4D7969003EE1BB /* Build configuration list for PBXNativeTarget "Memorable PlacesTests" */ = {
			isa = XCConfigurationList;
			buildConfigurations = (
				34F456721B4D7969003EE1BB /* Debug */,
				34F456731B4D7969003EE1BB /* Release */,
			);
			defaultConfigurationIsVisible = 0;
		};
/* End XCConfigurationList section */
	};
	rootObject = 34F456471B4D7969003EE1BB /* Project object */;
}
