// !$*UTF8*$!
{
	archiveVersion = 1;
	classes = {
	};
	objectVersion = 46;
	objects = {

/* Begin PBXBuildFile section */
		340153571B430D15009BCCC2 /* AppDelegate.swift in Sources */ = {isa = PBXBuildFile; fileRef = 340153561B430D15009BCCC2 /* AppDelegate.swift */; };
		340153591B430D15009BCCC2 /* ViewController.swift in Sources */ = {isa = PBXBuildFile; fileRef = 340153581B430D15009BCCC2 /* ViewController.swift */; };
		3401535C1B430D15009BCCC2 /* Main.storyboard in Resources */ = {isa = PBXBuildFile; fileRef = 3401535A1B430D15009BCCC2 /* Main.storyboard */; };
		3401535E1B430D15009BCCC2 /* Images.xcassets in Resources */ = {isa = PBXBuildFile; fileRef = 3401535D1B430D15009BCCC2 /* Images.xcassets */; };
		340153611B430D15009BCCC2 /* LaunchScreen.xib in Resources */ = {isa = PBXBuildFile; fileRef = 3401535F1B430D15009BCCC2 /* LaunchScreen.xib */; };
		3401536D1B430D15009BCCC2 /* Segues_and_Navigation_ExampleTests.swift in Sources */ = {isa = PBXBuildFile; fileRef = 3401536C1B430D15009BCCC2 /* Segues_and_Navigation_ExampleTests.swift */; };
/* End PBXBuildFile section */

/* Begin PBXContainerItemProxy section */
		340153671B430D15009BCCC2 /* PBXContainerItemProxy */ = {
			isa = PBXContainerItemProxy;
			containerPortal = 340153491B430D15009BCCC2 /* Project object */;
			proxyType = 1;
			remoteGlobalIDString = 340153501B430D15009BCCC2;
			remoteInfo = "Segues and Navigation Example";
		};
/* End PBXContainerItemProxy section */

/* Begin PBXFileReference section */
		340153511B430D15009BCCC2 /* Segues and Navigation Example.app */ = {isa = PBXFileReference; explicitFileType = wrapper.application; includeInIndex = 0; path = "Segues and Navigation Example.app"; sourceTree = BUILT_PRODUCTS_DIR; };
		340153551B430D15009BCCC2 /* Info.plist */ = {isa = PBXFileReference; lastKnownFileType = text.plist.xml; path = Info.plist; sourceTree = "<group>"; };
		340153561B430D15009BCCC2 /* AppDelegate.swift */ = {isa = PBXFileReference; lastKnownFileType = sourcecode.swift; path = AppDelegate.swift; sourceTree = "<group>"; };
		340153581B430D15009BCCC2 /* ViewController.swift */ = {isa = PBXFileReference; lastKnownFileType = sourcecode.swift; path = ViewController.swift; sourceTree = "<group>"; };
		3401535B1B430D15009BCCC2 /* Base */ = {isa = PBXFileReference; lastKnownFileType = file.storyboard; name = Base; path = Base.lproj/Main.storyboard; sourceTree = "<group>"; };
		3401535D1B430D15009BCCC2 /* Images.xcassets */ = {isa = PBXFileReference; lastKnownFileType = folder.assetcatalog; path = Images.xcassets; sourceTree = "<group>"; };
		340153601B430D15009BCCC2 /* Base */ = {isa = PBXFileReference; lastKnownFileType = file.xib; name = Base; path = Base.lproj/LaunchScreen.xib; sourceTree = "<group>"; };
		340153661B430D15009BCCC2 /* Segues and Navigation ExampleTests.xctest */ = {isa = PBXFileReference; explicitFileType = wrapper.cfbundle; includeInIndex = 0; path = "Segues and Navigation ExampleTests.xctest"; sourceTree = BUILT_PRODUCTS_DIR; };
		3401536B1B430D15009BCCC2 /* Info.plist */ = {isa = PBXFileReference; lastKnownFileType = text.plist.xml; path = Info.plist; sourceTree = "<group>"; };
		3401536C1B430D15009BCCC2 /* Segues_and_Navigation_ExampleTests.swift */ = {isa = PBXFileReference; lastKnownFileType = sourcecode.swift; path = Segues_and_Navigation_ExampleTests.swift; sourceTree = "<group>"; };
/* End PBXFileReference section */

/* Begin PBXFrameworksBuildPhase section */
		3401534E1B430D15009BCCC2 /* Frameworks */ = {
			isa = PBXFrameworksBuildPhase;
			buildActionMask = 2147483647;
			files = (
			);
			runOnlyForDeploymentPostprocessing = 0;
		};
		340153631B430D15009BCCC2 /* Frameworks */ = {
			isa = PBXFrameworksBuildPhase;
			buildActionMask = 2147483647;
			files = (
			);
			runOnlyForDeploymentPostprocessing = 0;
		};
/* End PBXFrameworksBuildPhase section */

/* Begin PBXGroup section */
		340153481B430D15009BCCC2 = {
			isa = PBXGroup;
			children = (
				340153531B430D15009BCCC2 /* Segues and Navigation Example */,
				340153691B430D15009BCCC2 /* Segues and Navigation ExampleTests */,
				340153521B430D15009BCCC2 /* Products */,
			);
			sourceTree = "<group>";
		};
		340153521B430D15009BCCC2 /* Products */ = {
			isa = PBXGroup;
			children = (
				340153511B430D15009BCCC2 /* Segues and Navigation Example.app */,
				340153661B430D15009BCCC2 /* Segues and Navigation ExampleTests.xctest */,
			);
			name = Products;
			sourceTree = "<group>";
		};
		340153531B430D15009BCCC2 /* Segues and Navigation Example */ = {
			isa = PBXGroup;
			children = (
				340153561B430D15009BCCC2 /* AppDelegate.swift */,
				340153581B430D15009BCCC2 /* ViewController.swift */,
				3401535A1B430D15009BCCC2 /* Main.storyboard */,
				3401535D1B430D15009BCCC2 /* Images.xcassets */,
				3401535F1B430D15009BCCC2 /* LaunchScreen.xib */,
				340153541B430D15009BCCC2 /* Supporting Files */,
			);
			path = "Segues and Navigation Example";
			sourceTree = "<group>";
		};
		340153541B430D15009BCCC2 /* Supporting Files */ = {
			isa = PBXGroup;
			children = (
				340153551B430D15009BCCC2 /* Info.plist */,
			);
			name = "Supporting Files";
			sourceTree = "<group>";
		};
		340153691B430D15009BCCC2 /* Segues and Navigation ExampleTests */ = {
			isa = PBXGroup;
			children = (
				3401536C1B430D15009BCCC2 /* Segues_and_Navigation_ExampleTests.swift */,
				3401536A1B430D15009BCCC2 /* Supporting Files */,
			);
			path = "Segues and Navigation ExampleTests";
			sourceTree = "<group>";
		};
		3401536A1B430D15009BCCC2 /* Supporting Files */ = {
			isa = PBXGroup;
			children = (
				3401536B1B430D15009BCCC2 /* Info.plist */,
			);
			name = "Supporting Files";
			sourceTree = "<group>";
		};
/* End PBXGroup section */

/* Begin PBXNativeTarget section */
		340153501B430D15009BCCC2 /* Segues and Navigation Example */ = {
			isa = PBXNativeTarget;
			buildConfigurationList = 340153701B430D15009BCCC2 /* Build configuration list for PBXNativeTarget "Segues and Navigation Example" */;
			buildPhases = (
				3401534D1B430D15009BCCC2 /* Sources */,
				3401534E1B430D15009BCCC2 /* Frameworks */,
				3401534F1B430D15009BCCC2 /* Resources */,
			);
			buildRules = (
			);
			dependencies = (
			);
			name = "Segues and Navigation Example";
			productName = "Segues and Navigation Example";
			productReference = 340153511B430D15009BCCC2 /* Segues and Navigation Example.app */;
			productType = "com.apple.product-type.application";
		};
		340153651B430D15009BCCC2 /* Segues and Navigation ExampleTests */ = {
			isa = PBXNativeTarget;
			buildConfigurationList = 340153731B430D15009BCCC2 /* Build configuration list for PBXNativeTarget "Segues and Navigation ExampleTests" */;
			buildPhases = (
				340153621B430D15009BCCC2 /* Sources */,
				340153631B430D15009BCCC2 /* Frameworks */,
				340153641B430D15009BCCC2 /* Resources */,
			);
			buildRules = (
			);
			dependencies = (
				340153681B430D15009BCCC2 /* PBXTargetDependency */,
			);
			name = "Segues and Navigation ExampleTests";
			productName = "Segues and Navigation ExampleTests";
			productReference = 340153661B430D15009BCCC2 /* Segues and Navigation ExampleTests.xctest */;
			productType = "com.apple.product-type.bundle.unit-test";
		};
/* End PBXNativeTarget section */

/* Begin PBXProject section */
		340153491B430D15009BCCC2 /* Project object */ = {
			isa = PBXProject;
			attributes = {
				LastUpgradeCheck = 0610;
				ORGANIZATIONNAME = robertskwiat;
				TargetAttributes = {
					340153501B430D15009BCCC2 = {
						CreatedOnToolsVersion = 6.1;
					};
					340153651B430D15009BCCC2 = {
						CreatedOnToolsVersion = 6.1;
						TestTargetID = 340153501B430D15009BCCC2;
					};
				};
			};
			buildConfigurationList = 3401534C1B430D15009BCCC2 /* Build configuration list for PBXProject "Segues and Navigation Example" */;
			compatibilityVersion = "Xcode 3.2";
			developmentRegion = English;
			hasScannedForEncodings = 0;
			knownRegions = (
				en,
				Base,
			);
			mainGroup = 340153481B430D15009BCCC2;
			productRefGroup = 340153521B430D15009BCCC2 /* Products */;
			projectDirPath = "";
			projectRoot = "";
			targets = (
				340153501B430D15009BCCC2 /* Segues and Navigation Example */,
				340153651B430D15009BCCC2 /* Segues and Navigation ExampleTests */,
			);
		};
/* End PBXProject section */

/* Begin PBXResourcesBuildPhase section */
		3401534F1B430D15009BCCC2 /* Resources */ = {
			isa = PBXResourcesBuildPhase;
			buildActionMask = 2147483647;
			files = (
				3401535C1B430D15009BCCC2 /* Main.storyboard in Resources */,
				340153611B430D15009BCCC2 /* LaunchScreen.xib in Resources */,
				3401535E1B430D15009BCCC2 /* Images.xcassets in Resources */,
			);
			runOnlyForDeploymentPostprocessing = 0;
		};
		340153641B430D15009BCCC2 /* Resources */ = {
			isa = PBXResourcesBuildPhase;
			buildActionMask = 2147483647;
			files = (
			);
			runOnlyForDeploymentPostprocessing = 0;
		};
/* End PBXResourcesBuildPhase section */

/* Begin PBXSourcesBuildPhase section */
		3401534D1B430D15009BCCC2 /* Sources */ = {
			isa = PBXSourcesBuildPhase;
			buildActionMask = 2147483647;
			files = (
				340153591B430D15009BCCC2 /* ViewController.swift in Sources */,
				340153571B430D15009BCCC2 /* AppDelegate.swift in Sources */,
			);
			runOnlyForDeploymentPostprocessing = 0;
		};
		340153621B430D15009BCCC2 /* Sources */ = {
			isa = PBXSourcesBuildPhase;
			buildActionMask = 2147483647;
			files = (
				3401536D1B430D15009BCCC2 /* Segues_and_Navigation_ExampleTests.swift in Sources */,
			);
			runOnlyForDeploymentPostprocessing = 0;
		};
/* End PBXSourcesBuildPhase section */

/* Begin PBXTargetDependency section */
		340153681B430D15009BCCC2 /* PBXTargetDependency */ = {
			isa = PBXTargetDependency;
			target = 340153501B430D15009BCCC2 /* Segues and Navigation Example */;
			targetProxy = 340153671B430D15009BCCC2 /* PBXContainerItemProxy */;
		};
/* End PBXTargetDependency section */

/* Begin PBXVariantGroup section */
		3401535A1B430D15009BCCC2 /* Main.storyboard */ = {
			isa = PBXVariantGroup;
			children = (
				3401535B1B430D15009BCCC2 /* Base */,
			);
			name = Main.storyboard;
			sourceTree = "<group>";
		};
		3401535F1B430D15009BCCC2 /* LaunchScreen.xib */ = {
			isa = PBXVariantGroup;
			children = (
				340153601B430D15009BCCC2 /* Base */,
			);
			name = LaunchScreen.xib;
			sourceTree = "<group>";
		};
/* End PBXVariantGroup section */

/* Begin XCBuildConfiguration section */
		3401536E1B430D15009BCCC2 /* Debug */ = {
			isa = XCBuildConfiguration;
			buildSettings = {
				ALWAYS_SEARCH_USER_PATHS = NO;
				CLANG_CXX_LANGUAGE_STANDARD = "gnu++0x";
				CLANG_CXX_LIBRARY = "libc++";
				CLANG_ENABLE_MODULES = YES;
				CLANG_ENABLE_OBJC_ARC = YES;
				CLANG_WARN_BOOL_CONVERSION = YES;
				CLANG_WARN_CONSTANT_CONVERSION = YES;
				CLANG_WARN_DIRECT_OBJC_ISA_USAGE = YES_ERROR;
				CLANG_WARN_EMPTY_BODY = YES;
				CLANG_WARN_ENUM_CONVERSION = YES;
				CLANG_WARN_INT_CONVERSION = YES;
				CLANG_WARN_OBJC_ROOT_CLASS = YES_ERROR;
				CLANG_WARN_UNREACHABLE_CODE = YES;
				CLANG_WARN__DUPLICATE_METHOD_MATCH = YES;
				"CODE_SIGN_IDENTITY[sdk=iphoneos*]" = "iPhone Developer";
				COPY_PHASE_STRIP = NO;
				ENABLE_STRICT_OBJC_MSGSEND = YES;
				GCC_C_LANGUAGE_STANDARD = gnu99;
				GCC_DYNAMIC_NO_PIC = NO;
				GCC_OPTIMIZATION_LEVEL = 0;
				GCC_PREPROCESSOR_DEFINITIONS = (
					"DEBUG=1",
					"$(inherited)",
				);
				GCC_SYMBOLS_PRIVATE_EXTERN = NO;
				GCC_WARN_64_TO_32_BIT_CONVERSION = YES;
				GCC_WARN_ABOUT_RETURN_TYPE = YES_ERROR;
				GCC_WARN_UNDECLARED_SELECTOR = YES;
				GCC_WARN_UNINITIALIZED_AUTOS = YES_AGGRESSIVE;
				GCC_WARN_UNUSED_FUNCTION = YES;
				GCC_WARN_UNUSED_VARIABLE = YES;
				IPHONEOS_DEPLOYMENT_TARGET = 8.1;
				MTL_ENABLE_DEBUG_INFO = YES;
				ONLY_ACTIVE_ARCH = YES;
				SDKROOT = iphoneos;
				SWIFT_OPTIMIZATION_LEVEL = "-Onone";
			};
			name = Debug;
		};
		3401536F1B430D15009BCCC2 /* Release */ = {
			isa = XCBuildConfiguration;
			buildSettings = {
				ALWAYS_SEARCH_USER_PATHS = NO;
				CLANG_CXX_LANGUAGE_STANDARD = "gnu++0x";
				CLANG_CXX_LIBRARY = "libc++";
				CLANG_ENABLE_MODULES = YES;
				CLANG_ENABLE_OBJC_ARC = YES;
				CLANG_WARN_BOOL_CONVERSION = YES;
				CLANG_WARN_CONSTANT_CONVERSION = YES;
				CLANG_WARN_DIRECT_OBJC_ISA_USAGE = YES_ERROR;
				CLANG_WARN_EMPTY_BODY = YES;
				CLANG_WARN_ENUM_CONVERSION = YES;
				CLANG_WARN_INT_CONVERSION = YES;
				CLANG_WARN_OBJC_ROOT_CLASS = YES_ERROR;
				CLANG_WARN_UNREACHABLE_CODE = YES;
				CLANG_WARN__DUPLICATE_METHOD_MATCH = YES;
				"CODE_SIGN_IDENTITY[sdk=iphoneos*]" = "iPhone Developer";
				COPY_PHASE_STRIP = YES;
				ENABLE_NS_ASSERTIONS = NO;
				ENABLE_STRICT_OBJC_MSGSEND = YES;
				GCC_C_LANGUAGE_STANDARD = gnu99;
				GCC_WARN_64_TO_32_BIT_CONVERSION = YES;
				GCC_WARN_ABOUT_RETURN_TYPE = YES_ERROR;
				GCC_WARN_UNDECLARED_SELECTOR = YES;
				GCC_WARN_UNINITIALIZED_AUTOS = YES_AGGRESSIVE;
				GCC_WARN_UNUSED_FUNCTION = YES;
				GCC_WARN_UNUSED_VARIABLE = YES;
				IPHONEOS_DEPLOYMENT_TARGET = 8.1;
				MTL_ENABLE_DEBUG_INFO = NO;
				SDKROOT = iphoneos;
				VALIDATE_PRODUCT = YES;
			};
			name = Release;
		};
		340153711B430D15009BCCC2 /* Debug */ = {
			isa = XCBuildConfiguration;
			buildSettings = {
				ASSETCATALOG_COMPILER_APPICON_NAME = AppIcon;
				INFOPLIST_FILE = "Segues and Navigation Example/Info.plist";
				LD_RUNPATH_SEARCH_PATHS = "$(inherited) @executable_path/Frameworks";
				PRODUCT_NAME = "$(TARGET_NAME)";
			};
			name = Debug;
		};
		340153721B430D15009BCCC2 /* Release */ = {
			isa = XCBuildConfiguration;
			buildSettings = {
				ASSETCATALOG_COMPILER_APPICON_NAME = AppIcon;
				INFOPLIST_FILE = "Segues and Navigation Example/Info.plist";
				LD_RUNPATH_SEARCH_PATHS = "$(inherited) @executable_path/Frameworks";
				PRODUCT_NAME = "$(TARGET_NAME)";
			};
			name = Release;
		};
		340153741B430D15009BCCC2 /* Debug */ = {
			isa = XCBuildConfiguration;
			buildSettings = {
				BUNDLE_LOADER = "$(TEST_HOST)";
				FRAMEWORK_SEARCH_PATHS = (
					"$(SDKROOT)/Developer/Library/Frameworks",
					"$(inherited)",
				);
				GCC_PREPROCESSOR_DEFINITIONS = (
					"DEBUG=1",
					"$(inherited)",
				);
				INFOPLIST_FILE = "Segues and Navigation ExampleTests/Info.plist";
				LD_RUNPATH_SEARCH_PATHS = "$(inherited) @executable_path/Frameworks @loader_path/Frameworks";
				PRODUCT_NAME = "$(TARGET_NAME)";
				TEST_HOST = "$(BUILT_PRODUCTS_DIR)/Segues and Navigation Example.app/Segues and Navigation Example";
			};
			name = Debug;
		};
		340153751B430D15009BCCC2 /* Release */ = {
			isa = XCBuildConfiguration;
			buildSettings = {
				BUNDLE_LOADER = "$(TEST_HOST)";
				FRAMEWORK_SEARCH_PATHS = (
					"$(SDKROOT)/Developer/Library/Frameworks",
					"$(inherited)",
				);
				INFOPLIST_FILE = "Segues and Navigation ExampleTests/Info.plist";
				LD_RUNPATH_SEARCH_PATHS = "$(inherited) @executable_path/Frameworks @loader_path/Frameworks";
				PRODUCT_NAME = "$(TARGET_NAME)";
				TEST_HOST = "$(BUILT_PRODUCTS_DIR)/Segues and Navigation Example.app/Segues and Navigation Example";
			};
			name = Release;
		};
/* End XCBuildConfiguration section */

/* Begin XCConfigurationList section */
		3401534C1B430D15009BCCC2 /* Build configuration list for PBXProject "Segues and Navigation Example" */ = {
			isa = XCConfigurationList;
			buildConfigurations = (
				3401536E1B430D15009BCCC2 /* Debug */,
				3401536F1B430D15009BCCC2 /* Release */,
			);
			defaultConfigurationIsVisible = 0;
			defaultConfigurationName = Release;
		};
		340153701B430D15009BCCC2 /* Build configuration list for PBXNativeTarget "Segues and Navigation Example" */ = {
			isa = XCConfigurationList;
			buildConfigurations = (
				340153711B430D15009BCCC2 /* Debug */,
				340153721B430D15009BCCC2 /* Release */,
			);
			defaultConfigurationIsVisible = 0;
		};
		340153731B430D15009BCCC2 /* Build configuration list for PBXNativeTarget "Segues and Navigation ExampleTests" */ = {
			isa = XCConfigurationList;
			buildConfigurations = (
				340153741B430D15009BCCC2 /* Debug */,
				340153751B430D15009BCCC2 /* Release */,
			);
			defaultConfigurationIsVisible = 0;
		};
/* End XCConfigurationList section */
	};
	rootObject = 340153491B430D15009BCCC2 /* Project object */;
}
